
Microsoft Visual Studio Solution File, Format Version 12.00
# Visual Studio 2012
Project("{FAE04EC0-301F-11D3-BF4B-00C04F79EFBC}") = "Dehydrator.Mobile", "Dehydrator.Mobile\Dehydrator.Mobile.csproj", "{DD383B61-9507-463E-9129-21CF7BF92D6C}"
EndProject
Project("{FAE04EC0-301F-11D3-BF4B-00C04F79EFBC}") = "Dehydrator.Mobile.iOS", "iOS\Dehydrator.Mobile.iOS.csproj", "{66C5F019-D23C-452F-94AB-A3C75E356E2D}"
EndProject
Project("{FAE04EC0-301F-11D3-BF4B-00C04F79EFBC}") = "Dehydrator.Mobile.Droid", "Droid\Dehydrator.Mobile.Droid.csproj", "{2524A02A-CAF9-4C04-916B-771D50A7646B}"
EndProject
Global
	GlobalSection(SolutionConfigurationPlatforms) = preSolution
		Debug|Any CPU = Debug|Any CPU
		Release|Any CPU = Release|Any CPU
		Debug|iPhoneSimulator = Debug|iPhoneSimulator
		Release|iPhone = Release|iPhone
		Release|iPhoneSimulator = Release|iPhoneSimulator
		Debug|iPhone = Debug|iPhone
	EndGlobalSection
	GlobalSection(ProjectConfigurationPlatforms) = postSolution
		{DD383B61-9507-463E-9129-21CF7BF92D6C}.Debug|Any CPU.ActiveCfg = Debug|Any CPU
		{DD383B61-9507-463E-9129-21CF7BF92D6C}.Debug|Any CPU.Build.0 = Debug|Any CPU
		{DD383B61-9507-463E-9129-21CF7BF92D6C}.Release|Any CPU.ActiveCfg = Release|Any CPU
		{DD383B61-9507-463E-9129-21CF7BF92D6C}.Release|Any CPU.Build.0 = Release|Any CPU
		{DD383B61-9507-463E-9129-21CF7BF92D6C}.Debug|iPhoneSimulator.ActiveCfg = Debug|Any CPU
		{DD383B61-9507-463E-9129-21CF7BF92D6C}.Debug|iPhoneSimulator.Build.0 = Debug|Any CPU
		{DD383B61-9507-463E-9129-21CF7BF92D6C}.Release|iPhone.ActiveCfg = Release|Any CPU
		{DD383B61-9507-463E-9129-21CF7BF92D6C}.Release|iPhone.Build.0 = Release|Any CPU
		{DD383B61-9507-463E-9129-21CF7BF92D6C}.Release|iPhoneSimulator.ActiveCfg = Release|Any CPU
		{DD383B61-9507-463E-9129-21CF7BF92D6C}.Release|iPhoneSimulator.Build.0 = Release|Any CPU
		{DD383B61-9507-463E-9129-21CF7BF92D6C}.Debug|iPhone.ActiveCfg = Debug|Any CPU
		{DD383B61-9507-463E-9129-21CF7BF92D6C}.Debug|iPhone.Build.0 = Debug|Any CPU
		{66C5F019-D23C-452F-94AB-A3C75E356E2D}.Debug|Any CPU.ActiveCfg = Debug|iPhoneSimulator
		{66C5F019-D23C-452F-94AB-A3C75E356E2D}.Debug|Any CPU.Build.0 = Debug|iPhoneSimulator
		{66C5F019-D23C-452F-94AB-A3C75E356E2D}.Release|Any CPU.ActiveCfg = Release|iPhone
		{66C5F019-D23C-452F-94AB-A3C75E356E2D}.Release|Any CPU.Build.0 = Release|iPhone
		{66C5F019-D23C-452F-94AB-A3C75E356E2D}.Debug|iPhoneSimulator.ActiveCfg = Debug|iPhoneSimulator
		{66C5F019-D23C-452F-94AB-A3C75E356E2D}.Debug|iPhoneSimulator.Build.0 = Debug|iPhoneSimulator
		{66C5F019-D23C-452F-94AB-A3C75E356E2D}.Release|iPhone.ActiveCfg = Release|iPhone
		{66C5F019-D23C-452F-94AB-A3C75E356E2D}.Release|iPhone.Build.0 = Release|iPhone
		{66C5F019-D23C-452F-94AB-A3C75E356E2D}.Release|iPhoneSimulator.ActiveCfg = Release|iPhoneSimulator
		{66C5F019-D23C-452F-94AB-A3C75E356E2D}.Release|iPhoneSimulator.Build.0 = Release|iPhoneSimulator
		{66C5F019-D23C-452F-94AB-A3C75E356E2D}.Debug|iPhone.ActiveCfg = Debug|iPhone
		{66C5F019-D23C-452F-94AB-A3C75E356E2D}.Debug|iPhone.Build.0 = Debug|iPhone
		{2524A02A-CAF9-4C04-916B-771D50A7646B}.Debug|Any CPU.ActiveCfg = Debug|Any CPU
		{2524A02A-CAF9-4C04-916B-771D50A7646B}.Debug|Any CPU.Build.0 = Debug|Any CPU
		{2524A02A-CAF9-4C04-916B-771D50A7646B}.Release|Any CPU.ActiveCfg = Release|Any CPU
		{2524A02A-CAF9-4C04-916B-771D50A7646B}.Release|Any CPU.Build.0 = Release|Any CPU
		{2524A02A-CAF9-4C04-916B-771D50A7646B}.Debug|iPhoneSimulator.ActiveCfg = Debug|Any CPU
		{2524A02A-CAF9-4C04-916B-771D50A7646B}.Debug|iPhoneSimulator.Build.0 = Debug|Any CPU
		{2524A02A-CAF9-4C04-916B-771D50A7646B}.Release|iPhone.ActiveCfg = Release|Any CPU
		{2524A02A-CAF9-4C04-916B-771D50A7646B}.Release|iPhone.Build.0 = Release|Any CPU
		{2524A02A-CAF9-4C04-916B-771D50A7646B}.Release|iPhoneSimulator.ActiveCfg = Release|Any CPU
		{2524A02A-CAF9-4C04-916B-771D50A7646B}.Release|iPhoneSimulator.Build.0 = Release|Any CPU
		{2524A02A-CAF9-4C04-916B-771D50A7646B}.Debug|iPhone.ActiveCfg = Debug|Any CPU
		{2524A02A-CAF9-4C04-916B-771D50A7646B}.Debug|iPhone.Build.0 = Debug|Any CPU
	EndGlobalSection
EndGlobal
