
Microsoft Visual Studio Solution File, Format Version 12.00
# Visual Studio 15
VisualStudioVersion = 15.0.28307.136
MinimumVisualStudioVersion = 10.0.40219.1
Project("{FAE04EC0-301F-11D3-BF4B-00C04F79EFBC}") = "CarRemote.Android", "CarRemote\CarRemote.Android\CarRemote.Android.csproj", "{9367D9CB-5853-4331-BAEF-B36E6742BCAC}"
EndProject
Project("{FAE04EC0-301F-11D3-BF4B-00C04F79EFBC}") = "CarRemote.iOS", "CarRemote\CarRemote.iOS\CarRemote.iOS.csproj", "{D9761657-0902-42B6-A428-B0295CCC0FE5}"
EndProject
Project("{FAE04EC0-301F-11D3-BF4B-00C04F79EFBC}") = "CarRemote.UWP", "CarRemote\CarRemote.UWP\CarRemote.UWP.csproj", "{26F64E28-9828-44C7-84EF-6513870916C5}"
EndProject
Project("{FAE04EC0-301F-11D3-BF4B-00C04F79EFBC}") = "CarRemote", "CarRemote\CarRemote\CarRemote.csproj", "{1D2521FA-AE6C-4510-B90F-A9A4A3F2A867}"
EndProject
Global
	GlobalSection(SolutionConfigurationPlatforms) = preSolution
		Ad-Hoc|Any CPU = Ad-Hoc|Any CPU
		Ad-Hoc|ARM = Ad-Hoc|ARM
		Ad-Hoc|iPhone = Ad-Hoc|iPhone
		Ad-Hoc|iPhoneSimulator = Ad-Hoc|iPhoneSimulator
		Ad-Hoc|x64 = Ad-Hoc|x64
		Ad-Hoc|x86 = Ad-Hoc|x86
		AppStore|Any CPU = AppStore|Any CPU
		AppStore|ARM = AppStore|ARM
		AppStore|iPhone = AppStore|iPhone
		AppStore|iPhoneSimulator = AppStore|iPhoneSimulator
		AppStore|x64 = AppStore|x64
		AppStore|x86 = AppStore|x86
		Debug|Any CPU = Debug|Any CPU
		Debug|ARM = Debug|ARM
		Debug|iPhone = Debug|iPhone
		Debug|iPhoneSimulator = Debug|iPhoneSimulator
		Debug|x64 = Debug|x64
		Debug|x86 = Debug|x86
		Release|Any CPU = Release|Any CPU
		Release|ARM = Release|ARM
		Release|iPhone = Release|iPhone
		Release|iPhoneSimulator = Release|iPhoneSimulator
		Release|x64 = Release|x64
		Release|x86 = Release|x86
	EndGlobalSection
	GlobalSection(ProjectConfigurationPlatforms) = postSolution
		{9367D9CB-5853-4331-BAEF-B36E6742BCAC}.Ad-Hoc|Any CPU.ActiveCfg = Release|Any CPU
		{9367D9CB-5853-4331-BAEF-B36E6742BCAC}.Ad-Hoc|Any CPU.Build.0 = Release|Any CPU
		{9367D9CB-5853-4331-BAEF-B36E6742BCAC}.Ad-Hoc|Any CPU.Deploy.0 = Release|Any CPU
		{9367D9CB-5853-4331-BAEF-B36E6742BCAC}.Ad-Hoc|ARM.ActiveCfg = Release|Any CPU
		{9367D9CB-5853-4331-BAEF-B36E6742BCAC}.Ad-Hoc|ARM.Build.0 = Release|Any CPU
		{9367D9CB-5853-4331-BAEF-B36E6742BCAC}.Ad-Hoc|ARM.Deploy.0 = Release|Any CPU
		{9367D9CB-5853-4331-BAEF-B36E6742BCAC}.Ad-Hoc|iPhone.ActiveCfg = Release|Any CPU
		{9367D9CB-5853-4331-BAEF-B36E6742BCAC}.Ad-Hoc|iPhone.Build.0 = Release|Any CPU
		{9367D9CB-5853-4331-BAEF-B36E6742BCAC}.Ad-Hoc|iPhone.Deploy.0 = Release|Any CPU
		{9367D9CB-5853-4331-BAEF-B36E6742BCAC}.Ad-Hoc|iPhoneSimulator.ActiveCfg = Release|Any CPU
		{9367D9CB-5853-4331-BAEF-B36E6742BCAC}.Ad-Hoc|iPhoneSimulator.Build.0 = Release|Any CPU
		{9367D9CB-5853-4331-BAEF-B36E6742BCAC}.Ad-Hoc|iPhoneSimulator.Deploy.0 = Release|Any CPU
		{9367D9CB-5853-4331-BAEF-B36E6742BCAC}.Ad-Hoc|x64.ActiveCfg = Release|Any CPU
		{9367D9CB-5853-4331-BAEF-B36E6742BCAC}.Ad-Hoc|x64.Build.0 = Release|Any CPU
		{9367D9CB-5853-4331-BAEF-B36E6742BCAC}.Ad-Hoc|x64.Deploy.0 = Release|Any CPU
		{9367D9CB-5853-4331-BAEF-B36E6742BCAC}.Ad-Hoc|x86.ActiveCfg = Release|Any CPU
		{9367D9CB-5853-4331-BAEF-B36E6742BCAC}.Ad-Hoc|x86.Build.0 = Release|Any CPU
		{9367D9CB-5853-4331-BAEF-B36E6742BCAC}.Ad-Hoc|x86.Deploy.0 = Release|Any CPU
		{9367D9CB-5853-4331-BAEF-B36E6742BCAC}.AppStore|Any CPU.ActiveCfg = Release|Any CPU
		{9367D9CB-5853-4331-BAEF-B36E6742BCAC}.AppStore|Any CPU.Build.0 = Release|Any CPU
		{9367D9CB-5853-4331-BAEF-B36E6742BCAC}.AppStore|Any CPU.Deploy.0 = Release|Any CPU
		{9367D9CB-5853-4331-BAEF-B36E6742BCAC}.AppStore|ARM.ActiveCfg = Release|Any CPU
		{9367D9CB-5853-4331-BAEF-B36E6742BCAC}.AppStore|ARM.Build.0 = Release|Any CPU
		{9367D9CB-5853-4331-BAEF-B36E6742BCAC}.AppStore|ARM.Deploy.0 = Release|Any CPU
		{9367D9CB-5853-4331-BAEF-B36E6742BCAC}.AppStore|iPhone.ActiveCfg = Release|Any CPU
		{9367D9CB-5853-4331-BAEF-B36E6742BCAC}.AppStore|iPhone.Build.0 = Release|Any CPU
		{9367D9CB-5853-4331-BAEF-B36E6742BCAC}.AppStore|iPhone.Deploy.0 = Release|Any CPU
		{9367D9CB-5853-4331-BAEF-B36E6742BCAC}.AppStore|iPhoneSimulator.ActiveCfg = Release|Any CPU
		{9367D9CB-5853-4331-BAEF-B36E6742BCAC}.AppStore|iPhoneSimulator.Build.0 = Release|Any CPU
		{9367D9CB-5853-4331-BAEF-B36E6742BCAC}.AppStore|iPhoneSimulator.Deploy.0 = Release|Any CPU
		{9367D9CB-5853-4331-BAEF-B36E6742BCAC}.AppStore|x64.ActiveCfg = Release|Any CPU
		{9367D9CB-5853-4331-BAEF-B36E6742BCAC}.AppStore|x64.Build.0 = Release|Any CPU
		{9367D9CB-5853-4331-BAEF-B36E6742BCAC}.AppStore|x64.Deploy.0 = Release|Any CPU
		{9367D9CB-5853-4331-BAEF-B36E6742BCAC}.AppStore|x86.ActiveCfg = Release|Any CPU
		{9367D9CB-5853-4331-BAEF-B36E6742BCAC}.AppStore|x86.Build.0 = Release|Any CPU
		{9367D9CB-5853-4331-BAEF-B36E6742BCAC}.AppStore|x86.Deploy.0 = Release|Any CPU
		{9367D9CB-5853-4331-BAEF-B36E6742BCAC}.Debug|Any CPU.ActiveCfg = Debug|Any CPU
		{9367D9CB-5853-4331-BAEF-B36E6742BCAC}.Debug|Any CPU.Build.0 = Debug|Any CPU
		{9367D9CB-5853-4331-BAEF-B36E6742BCAC}.Debug|Any CPU.Deploy.0 = Debug|Any CPU
		{9367D9CB-5853-4331-BAEF-B36E6742BCAC}.Debug|ARM.ActiveCfg = Debug|Any CPU
		{9367D9CB-5853-4331-BAEF-B36E6742BCAC}.Debug|ARM.Build.0 = Debug|Any CPU
		{9367D9CB-5853-4331-BAEF-B36E6742BCAC}.Debug|ARM.Deploy.0 = Debug|Any CPU
		{9367D9CB-5853-4331-BAEF-B36E6742BCAC}.Debug|iPhone.ActiveCfg = Debug|Any CPU
		{9367D9CB-5853-4331-BAEF-B36E6742BCAC}.Debug|iPhone.Build.0 = Debug|Any CPU
		{9367D9CB-5853-4331-BAEF-B36E6742BCAC}.Debug|iPhone.Deploy.0 = Debug|Any CPU
		{9367D9CB-5853-4331-BAEF-B36E6742BCAC}.Debug|iPhoneSimulator.ActiveCfg = Debug|Any CPU
		{9367D9CB-5853-4331-BAEF-B36E6742BCAC}.Debug|iPhoneSimulator.Build.0 = Debug|Any CPU
		{9367D9CB-5853-4331-BAEF-B36E6742BCAC}.Debug|iPhoneSimulator.Deploy.0 = Debug|Any CPU
		{9367D9CB-5853-4331-BAEF-B36E6742BCAC}.Debug|x64.ActiveCfg = Debug|Any CPU
		{9367D9CB-5853-4331-BAEF-B36E6742BCAC}.Debug|x64.Build.0 = Debug|Any CPU
		{9367D9CB-5853-4331-BAEF-B36E6742BCAC}.Debug|x64.Deploy.0 = Debug|Any CPU
		{9367D9CB-5853-4331-BAEF-B36E6742BCAC}.Debug|x86.ActiveCfg = Debug|Any CPU
		{9367D9CB-5853-4331-BAEF-B36E6742BCAC}.Debug|x86.Build.0 = Debug|Any CPU
		{9367D9CB-5853-4331-BAEF-B36E6742BCAC}.Debug|x86.Deploy.0 = Debug|Any CPU
		{9367D9CB-5853-4331-BAEF-B36E6742BCAC}.Release|Any CPU.ActiveCfg = Release|Any CPU
		{9367D9CB-5853-4331-BAEF-B36E6742BCAC}.Release|Any CPU.Build.0 = Release|Any CPU
		{9367D9CB-5853-4331-BAEF-B36E6742BCAC}.Release|Any CPU.Deploy.0 = Release|Any CPU
		{9367D9CB-5853-4331-BAEF-B36E6742BCAC}.Release|ARM.ActiveCfg = Release|Any CPU
		{9367D9CB-5853-4331-BAEF-B36E6742BCAC}.Release|ARM.Build.0 = Release|Any CPU
		{9367D9CB-5853-4331-BAEF-B36E6742BCAC}.Release|ARM.Deploy.0 = Release|Any CPU
		{9367D9CB-5853-4331-BAEF-B36E6742BCAC}.Release|iPhone.ActiveCfg = Release|Any CPU
		{9367D9CB-5853-4331-BAEF-B36E6742BCAC}.Release|iPhone.Build.0 = Release|Any CPU
		{9367D9CB-5853-4331-BAEF-B36E6742BCAC}.Release|iPhone.Deploy.0 = Release|Any CPU
		{9367D9CB-5853-4331-BAEF-B36E6742BCAC}.Release|iPhoneSimulator.ActiveCfg = Release|Any CPU
		{9367D9CB-5853-4331-BAEF-B36E6742BCAC}.Release|iPhoneSimulator.Build.0 = Release|Any CPU
		{9367D9CB-5853-4331-BAEF-B36E6742BCAC}.Release|iPhoneSimulator.Deploy.0 = Release|Any CPU
		{9367D9CB-5853-4331-BAEF-B36E6742BCAC}.Release|x64.ActiveCfg = Release|Any CPU
		{9367D9CB-5853-4331-BAEF-B36E6742BCAC}.Release|x64.Build.0 = Release|Any CPU
		{9367D9CB-5853-4331-BAEF-B36E6742BCAC}.Release|x64.Deploy.0 = Release|Any CPU
		{9367D9CB-5853-4331-BAEF-B36E6742BCAC}.Release|x86.ActiveCfg = Release|Any CPU
		{9367D9CB-5853-4331-BAEF-B36E6742BCAC}.Release|x86.Build.0 = Release|Any CPU
		{9367D9CB-5853-4331-BAEF-B36E6742BCAC}.Release|x86.Deploy.0 = Release|Any CPU
		{D9761657-0902-42B6-A428-B0295CCC0FE5}.Ad-Hoc|Any CPU.ActiveCfg = Ad-Hoc|iPhone
		{D9761657-0902-42B6-A428-B0295CCC0FE5}.Ad-Hoc|Any CPU.Build.0 = Ad-Hoc|iPhone
		{D9761657-0902-42B6-A428-B0295CCC0FE5}.Ad-Hoc|Any CPU.Deploy.0 = Ad-Hoc|iPhone
		{D9761657-0902-42B6-A428-B0295CCC0FE5}.Ad-Hoc|ARM.ActiveCfg = Ad-Hoc|iPhone
		{D9761657-0902-42B6-A428-B0295CCC0FE5}.Ad-Hoc|ARM.Build.0 = Ad-Hoc|iPhone
		{D9761657-0902-42B6-A428-B0295CCC0FE5}.Ad-Hoc|ARM.Deploy.0 = Ad-Hoc|iPhone
		{D9761657-0902-42B6-A428-B0295CCC0FE5}.Ad-Hoc|iPhone.ActiveCfg = Ad-Hoc|iPhone
		{D9761657-0902-42B6-A428-B0295CCC0FE5}.Ad-Hoc|iPhone.Build.0 = Ad-Hoc|iPhone
		{D9761657-0902-42B6-A428-B0295CCC0FE5}.Ad-Hoc|iPhone.Deploy.0 = Ad-Hoc|iPhone
		{D9761657-0902-42B6-A428-B0295CCC0FE5}.Ad-Hoc|iPhoneSimulator.ActiveCfg = Ad-Hoc|iPhoneSimulator
		{D9761657-0902-42B6-A428-B0295CCC0FE5}.Ad-Hoc|iPhoneSimulator.Build.0 = Ad-Hoc|iPhoneSimulator
		{D9761657-0902-42B6-A428-B0295CCC0FE5}.Ad-Hoc|iPhoneSimulator.Deploy.0 = Ad-Hoc|iPhoneSimulator
		{D9761657-0902-42B6-A428-B0295CCC0FE5}.Ad-Hoc|x64.ActiveCfg = Ad-Hoc|iPhone
		{D9761657-0902-42B6-A428-B0295CCC0FE5}.Ad-Hoc|x64.Build.0 = Ad-Hoc|iPhone
		{D9761657-0902-42B6-A428-B0295CCC0FE5}.Ad-Hoc|x64.Deploy.0 = Ad-Hoc|iPhone
		{D9761657-0902-42B6-A428-B0295CCC0FE5}.Ad-Hoc|x86.ActiveCfg = Ad-Hoc|iPhone
		{D9761657-0902-42B6-A428-B0295CCC0FE5}.Ad-Hoc|x86.Build.0 = Ad-Hoc|iPhone
		{D9761657-0902-42B6-A428-B0295CCC0FE5}.Ad-Hoc|x86.Deploy.0 = Ad-Hoc|iPhone
		{D9761657-0902-42B6-A428-B0295CCC0FE5}.AppStore|Any CPU.ActiveCfg = AppStore|iPhone
		{D9761657-0902-42B6-A428-B0295CCC0FE5}.AppStore|Any CPU.Build.0 = AppStore|iPhone
		{D9761657-0902-42B6-A428-B0295CCC0FE5}.AppStore|Any CPU.Deploy.0 = AppStore|iPhone
		{D9761657-0902-42B6-A428-B0295CCC0FE5}.AppStore|ARM.ActiveCfg = AppStore|iPhone
		{D9761657-0902-42B6-A428-B0295CCC0FE5}.AppStore|ARM.Build.0 = AppStore|iPhone
		{D9761657-0902-42B6-A428-B0295CCC0FE5}.AppStore|ARM.Deploy.0 = AppStore|iPhone
		{D9761657-0902-42B6-A428-B0295CCC0FE5}.AppStore|iPhone.ActiveCfg = AppStore|iPhone
		{D9761657-0902-42B6-A428-B0295CCC0FE5}.AppStore|iPhone.Build.0 = AppStore|iPhone
		{D9761657-0902-42B6-A428-B0295CCC0FE5}.AppStore|iPhone.Deploy.0 = AppStore|iPhone
		{D9761657-0902-42B6-A428-B0295CCC0FE5}.AppStore|iPhoneSimulator.ActiveCfg = AppStore|iPhoneSimulator
		{D9761657-0902-42B6-A428-B0295CCC0FE5}.AppStore|iPhoneSimulator.Build.0 = AppStore|iPhoneSimulator
		{D9761657-0902-42B6-A428-B0295CCC0FE5}.AppStore|iPhoneSimulator.Deploy.0 = AppStore|iPhoneSimulator
		{D9761657-0902-42B6-A428-B0295CCC0FE5}.AppStore|x64.ActiveCfg = AppStore|iPhone
		{D9761657-0902-42B6-A428-B0295CCC0FE5}.AppStore|x64.Build.0 = AppStore|iPhone
		{D9761657-0902-42B6-A428-B0295CCC0FE5}.AppStore|x64.Deploy.0 = AppStore|iPhone
		{D9761657-0902-42B6-A428-B0295CCC0FE5}.AppStore|x86.ActiveCfg = AppStore|iPhone
		{D9761657-0902-42B6-A428-B0295CCC0FE5}.AppStore|x86.Build.0 = AppStore|iPhone
		{D9761657-0902-42B6-A428-B0295CCC0FE5}.AppStore|x86.Deploy.0 = AppStore|iPhone
		{D9761657-0902-42B6-A428-B0295CCC0FE5}.Debug|Any CPU.ActiveCfg = Debug|iPhoneSimulator
		{D9761657-0902-42B6-A428-B0295CCC0FE5}.Debug|Any CPU.Build.0 = Debug|iPhoneSimulator
		{D9761657-0902-42B6-A428-B0295CCC0FE5}.Debug|Any CPU.Deploy.0 = Debug|iPhoneSimulator
		{D9761657-0902-42B6-A428-B0295CCC0FE5}.Debug|ARM.ActiveCfg = Debug|iPhone
		{D9761657-0902-42B6-A428-B0295CCC0FE5}.Debug|ARM.Build.0 = Debug|iPhone
		{D9761657-0902-42B6-A428-B0295CCC0FE5}.Debug|ARM.Deploy.0 = Debug|iPhone
		{D9761657-0902-42B6-A428-B0295CCC0FE5}.Debug|iPhone.ActiveCfg = Debug|iPhone
		{D9761657-0902-42B6-A428-B0295CCC0FE5}.Debug|iPhone.Build.0 = Debug|iPhone
		{D9761657-0902-42B6-A428-B0295CCC0FE5}.Debug|iPhone.Deploy.0 = Debug|iPhone
		{D9761657-0902-42B6-A428-B0295CCC0FE5}.Debug|iPhoneSimulator.ActiveCfg = Debug|iPhoneSimulator
		{D9761657-0902-42B6-A428-B0295CCC0FE5}.Debug|iPhoneSimulator.Build.0 = Debug|iPhoneSimulator
		{D9761657-0902-42B6-A428-B0295CCC0FE5}.Debug|iPhoneSimulator.Deploy.0 = Debug|iPhoneSimulator
		{D9761657-0902-42B6-A428-B0295CCC0FE5}.Debug|x64.ActiveCfg = Debug|iPhone
		{D9761657-0902-42B6-A428-B0295CCC0FE5}.Debug|x64.Build.0 = Debug|iPhone
		{D9761657-0902-42B6-A428-B0295CCC0FE5}.Debug|x64.Deploy.0 = Debug|iPhone
		{D9761657-0902-42B6-A428-B0295CCC0FE5}.Debug|x86.ActiveCfg = Debug|iPhone
		{D9761657-0902-42B6-A428-B0295CCC0FE5}.Debug|x86.Build.0 = Debug|iPhone
		{D9761657-0902-42B6-A428-B0295CCC0FE5}.Debug|x86.Deploy.0 = Debug|iPhone
		{D9761657-0902-42B6-A428-B0295CCC0FE5}.Release|Any CPU.ActiveCfg = Release|iPhone
		{D9761657-0902-42B6-A428-B0295CCC0FE5}.Release|Any CPU.Build.0 = Release|iPhone
		{D9761657-0902-42B6-A428-B0295CCC0FE5}.Release|Any CPU.Deploy.0 = Release|iPhone
		{D9761657-0902-42B6-A428-B0295CCC0FE5}.Release|ARM.ActiveCfg = Release|iPhone
		{D9761657-0902-42B6-A428-B0295CCC0FE5}.Release|ARM.Build.0 = Release|iPhone
		{D9761657-0902-42B6-A428-B0295CCC0FE5}.Release|ARM.Deploy.0 = Release|iPhone
		{D9761657-0902-42B6-A428-B0295CCC0FE5}.Release|iPhone.ActiveCfg = Release|iPhone
		{D9761657-0902-42B6-A428-B0295CCC0FE5}.Release|iPhone.Build.0 = Release|iPhone
		{D9761657-0902-42B6-A428-B0295CCC0FE5}.Release|iPhone.Deploy.0 = Release|iPhone
		{D9761657-0902-42B6-A428-B0295CCC0FE5}.Release|iPhoneSimulator.ActiveCfg = Release|iPhoneSimulator
		{D9761657-0902-42B6-A428-B0295CCC0FE5}.Release|iPhoneSimulator.Build.0 = Release|iPhoneSimulator
		{D9761657-0902-42B6-A428-B0295CCC0FE5}.Release|iPhoneSimulator.Deploy.0 = Release|iPhoneSimulator
		{D9761657-0902-42B6-A428-B0295CCC0FE5}.Release|x64.ActiveCfg = Release|iPhone
		{D9761657-0902-42B6-A428-B0295CCC0FE5}.Release|x64.Build.0 = Release|iPhone
		{D9761657-0902-42B6-A428-B0295CCC0FE5}.Release|x64.Deploy.0 = Release|iPhone
		{D9761657-0902-42B6-A428-B0295CCC0FE5}.Release|x86.ActiveCfg = Release|iPhone
		{D9761657-0902-42B6-A428-B0295CCC0FE5}.Release|x86.Build.0 = Release|iPhone
		{D9761657-0902-42B6-A428-B0295CCC0FE5}.Release|x86.Deploy.0 = Release|iPhone
		{26F64E28-9828-44C7-84EF-6513870916C5}.Ad-Hoc|Any CPU.ActiveCfg = Release|x86
		{26F64E28-9828-44C7-84EF-6513870916C5}.Ad-Hoc|Any CPU.Build.0 = Release|x86
		{26F64E28-9828-44C7-84EF-6513870916C5}.Ad-Hoc|Any CPU.Deploy.0 = Release|x86
		{26F64E28-9828-44C7-84EF-6513870916C5}.Ad-Hoc|ARM.ActiveCfg = Release|ARM
		{26F64E28-9828-44C7-84EF-6513870916C5}.Ad-Hoc|ARM.Build.0 = Release|ARM
		{26F64E28-9828-44C7-84EF-6513870916C5}.Ad-Hoc|ARM.Deploy.0 = Release|ARM
		{26F64E28-9828-44C7-84EF-6513870916C5}.Ad-Hoc|iPhone.ActiveCfg = Release|x86
		{26F64E28-9828-44C7-84EF-6513870916C5}.Ad-Hoc|iPhone.Build.0 = Release|x86
		{26F64E28-9828-44C7-84EF-6513870916C5}.Ad-Hoc|iPhone.Deploy.0 = Release|x86
		{26F64E28-9828-44C7-84EF-6513870916C5}.Ad-Hoc|iPhoneSimulator.ActiveCfg = Release|x86
		{26F64E28-9828-44C7-84EF-6513870916C5}.Ad-Hoc|iPhoneSimulator.Build.0 = Release|x86
		{26F64E28-9828-44C7-84EF-6513870916C5}.Ad-Hoc|iPhoneSimulator.Deploy.0 = Release|x86
		{26F64E28-9828-44C7-84EF-6513870916C5}.Ad-Hoc|x64.ActiveCfg = Release|x64
		{26F64E28-9828-44C7-84EF-6513870916C5}.Ad-Hoc|x64.Build.0 = Release|x64
		{26F64E28-9828-44C7-84EF-6513870916C5}.Ad-Hoc|x64.Deploy.0 = Release|x64
		{26F64E28-9828-44C7-84EF-6513870916C5}.Ad-Hoc|x86.ActiveCfg = Release|x86
		{26F64E28-9828-44C7-84EF-6513870916C5}.Ad-Hoc|x86.Build.0 = Release|x86
		{26F64E28-9828-44C7-84EF-6513870916C5}.Ad-Hoc|x86.Deploy.0 = Release|x86
		{26F64E28-9828-44C7-84EF-6513870916C5}.AppStore|Any CPU.ActiveCfg = Release|x86
		{26F64E28-9828-44C7-84EF-6513870916C5}.AppStore|Any CPU.Build.0 = Release|x86
		{26F64E28-9828-44C7-84EF-6513870916C5}.AppStore|Any CPU.Deploy.0 = Release|x86
		{26F64E28-9828-44C7-84EF-6513870916C5}.AppStore|ARM.ActiveCfg = Release|ARM
		{26F64E28-9828-44C7-84EF-6513870916C5}.AppStore|ARM.Build.0 = Release|ARM
		{26F64E28-9828-44C7-84EF-6513870916C5}.AppStore|ARM.Deploy.0 = Release|ARM
		{26F64E28-9828-44C7-84EF-6513870916C5}.AppStore|iPhone.ActiveCfg = Release|x86
		{26F64E28-9828-44C7-84EF-6513870916C5}.AppStore|iPhone.Build.0 = Release|x86
		{26F64E28-9828-44C7-84EF-6513870916C5}.AppStore|iPhone.Deploy.0 = Release|x86
		{26F64E28-9828-44C7-84EF-6513870916C5}.AppStore|iPhoneSimulator.ActiveCfg = Release|x86
		{26F64E28-9828-44C7-84EF-6513870916C5}.AppStore|iPhoneSimulator.Build.0 = Release|x86
		{26F64E28-9828-44C7-84EF-6513870916C5}.AppStore|iPhoneSimulator.Deploy.0 = Release|x86
		{26F64E28-9828-44C7-84EF-6513870916C5}.AppStore|x64.ActiveCfg = Release|x64
		{26F64E28-9828-44C7-84EF-6513870916C5}.AppStore|x64.Build.0 = Release|x64
		{26F64E28-9828-44C7-84EF-6513870916C5}.AppStore|x64.Deploy.0 = Release|x64
		{26F64E28-9828-44C7-84EF-6513870916C5}.AppStore|x86.ActiveCfg = Release|x86
		{26F64E28-9828-44C7-84EF-6513870916C5}.AppStore|x86.Build.0 = Release|x86
		{26F64E28-9828-44C7-84EF-6513870916C5}.AppStore|x86.Deploy.0 = Release|x86
		{26F64E28-9828-44C7-84EF-6513870916C5}.Debug|Any CPU.ActiveCfg = Debug|x86
		{26F64E28-9828-44C7-84EF-6513870916C5}.Debug|Any CPU.Build.0 = Debug|x86
		{26F64E28-9828-44C7-84EF-6513870916C5}.Debug|Any CPU.Deploy.0 = Debug|x86
		{26F64E28-9828-44C7-84EF-6513870916C5}.Debug|ARM.ActiveCfg = Debug|ARM
		{26F64E28-9828-44C7-84EF-6513870916C5}.Debug|ARM.Build.0 = Debug|ARM
		{26F64E28-9828-44C7-84EF-6513870916C5}.Debug|ARM.Deploy.0 = Debug|ARM
		{26F64E28-9828-44C7-84EF-6513870916C5}.Debug|iPhone.ActiveCfg = Debug|x86
		{26F64E28-9828-44C7-84EF-6513870916C5}.Debug|iPhone.Build.0 = Debug|x86
		{26F64E28-9828-44C7-84EF-6513870916C5}.Debug|iPhone.Deploy.0 = Debug|x86
		{26F64E28-9828-44C7-84EF-6513870916C5}.Debug|iPhoneSimulator.ActiveCfg = Debug|x86
		{26F64E28-9828-44C7-84EF-6513870916C5}.Debug|iPhoneSimulator.Build.0 = Debug|x86
		{26F64E28-9828-44C7-84EF-6513870916C5}.Debug|iPhoneSimulator.Deploy.0 = Debug|x86
		{26F64E28-9828-44C7-84EF-6513870916C5}.Debug|x64.ActiveCfg = Debug|x64
		{26F64E28-9828-44C7-84EF-6513870916C5}.Debug|x64.Build.0 = Debug|x64
		{26F64E28-9828-44C7-84EF-6513870916C5}.Debug|x64.Deploy.0 = Debug|x64
		{26F64E28-9828-44C7-84EF-6513870916C5}.Debug|x86.ActiveCfg = Debug|x86
		{26F64E28-9828-44C7-84EF-6513870916C5}.Debug|x86.Build.0 = Debug|x86
		{26F64E28-9828-44C7-84EF-6513870916C5}.Debug|x86.Deploy.0 = Debug|x86
		{26F64E28-9828-44C7-84EF-6513870916C5}.Release|Any CPU.ActiveCfg = Release|x86
		{26F64E28-9828-44C7-84EF-6513870916C5}.Release|Any CPU.Build.0 = Release|x86
		{26F64E28-9828-44C7-84EF-6513870916C5}.Release|Any CPU.Deploy.0 = Release|x86
		{26F64E28-9828-44C7-84EF-6513870916C5}.Release|ARM.ActiveCfg = Release|ARM
		{26F64E28-9828-44C7-84EF-6513870916C5}.Release|ARM.Build.0 = Release|ARM
		{26F64E28-9828-44C7-84EF-6513870916C5}.Release|ARM.Deploy.0 = Release|ARM
		{26F64E28-9828-44C7-84EF-6513870916C5}.Release|iPhone.ActiveCfg = Release|x86
		{26F64E28-9828-44C7-84EF-6513870916C5}.Release|iPhone.Build.0 = Release|x86
		{26F64E28-9828-44C7-84EF-6513870916C5}.Release|iPhone.Deploy.0 = Release|x86
		{26F64E28-9828-44C7-84EF-6513870916C5}.Release|iPhoneSimulator.ActiveCfg = Release|x86
		{26F64E28-9828-44C7-84EF-6513870916C5}.Release|iPhoneSimulator.Build.0 = Release|x86
		{26F64E28-9828-44C7-84EF-6513870916C5}.Release|iPhoneSimulator.Deploy.0 = Release|x86
		{26F64E28-9828-44C7-84EF-6513870916C5}.Release|x64.ActiveCfg = Release|x64
		{26F64E28-9828-44C7-84EF-6513870916C5}.Release|x64.Build.0 = Release|x64
		{26F64E28-9828-44C7-84EF-6513870916C5}.Release|x64.Deploy.0 = Release|x64
		{26F64E28-9828-44C7-84EF-6513870916C5}.Release|x86.ActiveCfg = Release|x86
		{26F64E28-9828-44C7-84EF-6513870916C5}.Release|x86.Build.0 = Release|x86
		{26F64E28-9828-44C7-84EF-6513870916C5}.Release|x86.Deploy.0 = Release|x86
		{1D2521FA-AE6C-4510-B90F-A9A4A3F2A867}.Ad-Hoc|Any CPU.ActiveCfg = Debug|Any CPU
		{1D2521FA-AE6C-4510-B90F-A9A4A3F2A867}.Ad-Hoc|Any CPU.Build.0 = Debug|Any CPU
		{1D2521FA-AE6C-4510-B90F-A9A4A3F2A867}.Ad-Hoc|Any CPU.Deploy.0 = Debug|Any CPU
		{1D2521FA-AE6C-4510-B90F-A9A4A3F2A867}.Ad-Hoc|ARM.ActiveCfg = Debug|Any CPU
		{1D2521FA-AE6C-4510-B90F-A9A4A3F2A867}.Ad-Hoc|ARM.Build.0 = Debug|Any CPU
		{1D2521FA-AE6C-4510-B90F-A9A4A3F2A867}.Ad-Hoc|ARM.Deploy.0 = Debug|Any CPU
		{1D2521FA-AE6C-4510-B90F-A9A4A3F2A867}.Ad-Hoc|iPhone.ActiveCfg = Debug|Any CPU
		{1D2521FA-AE6C-4510-B90F-A9A4A3F2A867}.Ad-Hoc|iPhone.Build.0 = Debug|Any CPU
		{1D2521FA-AE6C-4510-B90F-A9A4A3F2A867}.Ad-Hoc|iPhone.Deploy.0 = Debug|Any CPU
		{1D2521FA-AE6C-4510-B90F-A9A4A3F2A867}.Ad-Hoc|iPhoneSimulator.ActiveCfg = Debug|Any CPU
		{1D2521FA-AE6C-4510-B90F-A9A4A3F2A867}.Ad-Hoc|iPhoneSimulator.Build.0 = Debug|Any CPU
		{1D2521FA-AE6C-4510-B90F-A9A4A3F2A867}.Ad-Hoc|iPhoneSimulator.Deploy.0 = Debug|Any CPU
		{1D2521FA-AE6C-4510-B90F-A9A4A3F2A867}.Ad-Hoc|x64.ActiveCfg = Debug|Any CPU
		{1D2521FA-AE6C-4510-B90F-A9A4A3F2A867}.Ad-Hoc|x64.Build.0 = Debug|Any CPU
		{1D2521FA-AE6C-4510-B90F-A9A4A3F2A867}.Ad-Hoc|x64.Deploy.0 = Debug|Any CPU
		{1D2521FA-AE6C-4510-B90F-A9A4A3F2A867}.Ad-Hoc|x86.ActiveCfg = Debug|Any CPU
		{1D2521FA-AE6C-4510-B90F-A9A4A3F2A867}.Ad-Hoc|x86.Build.0 = Debug|Any CPU
		{1D2521FA-AE6C-4510-B90F-A9A4A3F2A867}.Ad-Hoc|x86.Deploy.0 = Debug|Any CPU
		{1D2521FA-AE6C-4510-B90F-A9A4A3F2A867}.AppStore|Any CPU.ActiveCfg = Debug|Any CPU
		{1D2521FA-AE6C-4510-B90F-A9A4A3F2A867}.AppStore|Any CPU.Build.0 = Debug|Any CPU
		{1D2521FA-AE6C-4510-B90F-A9A4A3F2A867}.AppStore|Any CPU.Deploy.0 = Debug|Any CPU
		{1D2521FA-AE6C-4510-B90F-A9A4A3F2A867}.AppStore|ARM.ActiveCfg = Debug|Any CPU
		{1D2521FA-AE6C-4510-B90F-A9A4A3F2A867}.AppStore|ARM.Build.0 = Debug|Any CPU
		{1D2521FA-AE6C-4510-B90F-A9A4A3F2A867}.AppStore|ARM.Deploy.0 = Debug|Any CPU
		{1D2521FA-AE6C-4510-B90F-A9A4A3F2A867}.AppStore|iPhone.ActiveCfg = Debug|Any CPU
		{1D2521FA-AE6C-4510-B90F-A9A4A3F2A867}.AppStore|iPhone.Build.0 = Debug|Any CPU
		{1D2521FA-AE6C-4510-B90F-A9A4A3F2A867}.AppStore|iPhone.Deploy.0 = Debug|Any CPU
		{1D2521FA-AE6C-4510-B90F-A9A4A3F2A867}.AppStore|iPhoneSimulator.ActiveCfg = Debug|Any CPU
		{1D2521FA-AE6C-4510-B90F-A9A4A3F2A867}.AppStore|iPhoneSimulator.Build.0 = Debug|Any CPU
		{1D2521FA-AE6C-4510-B90F-A9A4A3F2A867}.AppStore|iPhoneSimulator.Deploy.0 = Debug|Any CPU
		{1D2521FA-AE6C-4510-B90F-A9A4A3F2A867}.AppStore|x64.ActiveCfg = Debug|Any CPU
		{1D2521FA-AE6C-4510-B90F-A9A4A3F2A867}.AppStore|x64.Build.0 = Debug|Any CPU
		{1D2521FA-AE6C-4510-B90F-A9A4A3F2A867}.AppStore|x64.Deploy.0 = Debug|Any CPU
		{1D2521FA-AE6C-4510-B90F-A9A4A3F2A867}.AppStore|x86.ActiveCfg = Debug|Any CPU
		{1D2521FA-AE6C-4510-B90F-A9A4A3F2A867}.AppStore|x86.Build.0 = Debug|Any CPU
		{1D2521FA-AE6C-4510-B90F-A9A4A3F2A867}.AppStore|x86.Deploy.0 = Debug|Any CPU
		{1D2521FA-AE6C-4510-B90F-A9A4A3F2A867}.Debug|Any CPU.ActiveCfg = Debug|Any CPU
		{1D2521FA-AE6C-4510-B90F-A9A4A3F2A867}.Debug|Any CPU.Build.0 = Debug|Any CPU
		{1D2521FA-AE6C-4510-B90F-A9A4A3F2A867}.Debug|Any CPU.Deploy.0 = Debug|Any CPU
		{1D2521FA-AE6C-4510-B90F-A9A4A3F2A867}.Debug|ARM.ActiveCfg = Debug|Any CPU
		{1D2521FA-AE6C-4510-B90F-A9A4A3F2A867}.Debug|ARM.Build.0 = Debug|Any CPU
		{1D2521FA-AE6C-4510-B90F-A9A4A3F2A867}.Debug|ARM.Deploy.0 = Debug|Any CPU
		{1D2521FA-AE6C-4510-B90F-A9A4A3F2A867}.Debug|iPhone.ActiveCfg = Debug|Any CPU
		{1D2521FA-AE6C-4510-B90F-A9A4A3F2A867}.Debug|iPhone.Build.0 = Debug|Any CPU
		{1D2521FA-AE6C-4510-B90F-A9A4A3F2A867}.Debug|iPhone.Deploy.0 = Debug|Any CPU
		{1D2521FA-AE6C-4510-B90F-A9A4A3F2A867}.Debug|iPhoneSimulator.ActiveCfg = Debug|Any CPU
		{1D2521FA-AE6C-4510-B90F-A9A4A3F2A867}.Debug|iPhoneSimulator.Build.0 = Debug|Any CPU
		{1D2521FA-AE6C-4510-B90F-A9A4A3F2A867}.Debug|iPhoneSimulator.Deploy.0 = Debug|Any CPU
		{1D2521FA-AE6C-4510-B90F-A9A4A3F2A867}.Debug|x64.ActiveCfg = Debug|Any CPU
		{1D2521FA-AE6C-4510-B90F-A9A4A3F2A867}.Debug|x64.Build.0 = Debug|Any CPU
		{1D2521FA-AE6C-4510-B90F-A9A4A3F2A867}.Debug|x64.Deploy.0 = Debug|Any CPU
		{1D2521FA-AE6C-4510-B90F-A9A4A3F2A867}.Debug|x86.ActiveCfg = Debug|Any CPU
		{1D2521FA-AE6C-4510-B90F-A9A4A3F2A867}.Debug|x86.Build.0 = Debug|Any CPU
		{1D2521FA-AE6C-4510-B90F-A9A4A3F2A867}.Debug|x86.Deploy.0 = Debug|Any CPU
		{1D2521FA-AE6C-4510-B90F-A9A4A3F2A867}.Release|Any CPU.ActiveCfg = Release|Any CPU
		{1D2521FA-AE6C-4510-B90F-A9A4A3F2A867}.Release|Any CPU.Build.0 = Release|Any CPU
		{1D2521FA-AE6C-4510-B90F-A9A4A3F2A867}.Release|Any CPU.Deploy.0 = Release|Any CPU
		{1D2521FA-AE6C-4510-B90F-A9A4A3F2A867}.Release|ARM.ActiveCfg = Release|Any CPU
		{1D2521FA-AE6C-4510-B90F-A9A4A3F2A867}.Release|ARM.Build.0 = Release|Any CPU
		{1D2521FA-AE6C-4510-B90F-A9A4A3F2A867}.Release|ARM.Deploy.0 = Release|Any CPU
		{1D2521FA-AE6C-4510-B90F-A9A4A3F2A867}.Release|iPhone.ActiveCfg = Release|Any CPU
		{1D2521FA-AE6C-4510-B90F-A9A4A3F2A867}.Release|iPhone.Build.0 = Release|Any CPU
		{1D2521FA-AE6C-4510-B90F-A9A4A3F2A867}.Release|iPhone.Deploy.0 = Release|Any CPU
		{1D2521FA-AE6C-4510-B90F-A9A4A3F2A867}.Release|iPhoneSimulator.ActiveCfg = Release|Any CPU
		{1D2521FA-AE6C-4510-B90F-A9A4A3F2A867}.Release|iPhoneSimulator.Build.0 = Release|Any CPU
		{1D2521FA-AE6C-4510-B90F-A9A4A3F2A867}.Release|iPhoneSimulator.Deploy.0 = Release|Any CPU
		{1D2521FA-AE6C-4510-B90F-A9A4A3F2A867}.Release|x64.ActiveCfg = Release|Any CPU
		{1D2521FA-AE6C-4510-B90F-A9A4A3F2A867}.Release|x64.Build.0 = Release|Any CPU
		{1D2521FA-AE6C-4510-B90F-A9A4A3F2A867}.Release|x64.Deploy.0 = Release|Any CPU
		{1D2521FA-AE6C-4510-B90F-A9A4A3F2A867}.Release|x86.ActiveCfg = Release|Any CPU
		{1D2521FA-AE6C-4510-B90F-A9A4A3F2A867}.Release|x86.Build.0 = Release|Any CPU
		{1D2521FA-AE6C-4510-B90F-A9A4A3F2A867}.Release|x86.Deploy.0 = Release|Any CPU
	EndGlobalSection
	GlobalSection(SolutionProperties) = preSolution
		HideSolutionNode = FALSE
	EndGlobalSection
	GlobalSection(ExtensibilityGlobals) = postSolution
		SolutionGuid = {785E6CAB-F951-4E71-B848-376E66D9482F}
	EndGlobalSection
EndGlobal
