Microsoft Visual Studio Solution File, Format Version 12.00
# Visual Studio 15
VisualStudioVersion = 15.0.27703.2035
MinimumVisualStudioVersion = 10.0.40219.1
Project("{FAE04EC0-301F-11D3-BF4B-00C04F79EFBC}") = "ServoRemote.Android", "ServoRemote.Android\ServoRemote.Android.csproj", "{C6455514-3548-4BD1-A882-0FFE387166B1}"
EndProject
Project("{FAE04EC0-301F-11D3-BF4B-00C04F79EFBC}") = "ServoRemote.iOS", "ServoRemote.iOS\ServoRemote.iOS.csproj", "{FEABADB5-31CC-4043-BC44-0278298EA6A4}"
EndProject
Project("{9A19103F-16F7-4668-BE54-9A1E7A4F7556}") = "ServoRemote", "ServoRemote\ServoRemote.csproj", "{5B943C02-CBB7-4909-849A-1DFD38FA9B83}"
EndProject
Project("{FAE04EC0-301F-11D3-BF4B-00C04F79EFBC}") = "ServoRemote.UWP", "ServoRemote.UWP\ServoRemote.UWP.csproj", "{150D3B60-1D15-4A6B-A33E-11350A30B410}"
EndProject
Global
	GlobalSection(SolutionConfigurationPlatforms) = preSolution
		Ad-Hoc|Any CPU = Ad-Hoc|Any CPU
		Ad-Hoc|ARM = Ad-Hoc|ARM
		Ad-Hoc|iPhone = Ad-Hoc|iPhone
		Ad-Hoc|iPhoneSimulator = Ad-Hoc|iPhoneSimulator
		Ad-Hoc|x64 = Ad-Hoc|x64
		Ad-Hoc|x86 = Ad-Hoc|x86
		AppStore|Any CPU = AppStore|Any CPU
		AppStore|ARM = AppStore|ARM
		AppStore|iPhone = AppStore|iPhone
		AppStore|iPhoneSimulator = AppStore|iPhoneSimulator
		AppStore|x64 = AppStore|x64
		AppStore|x86 = AppStore|x86
		Debug|Any CPU = Debug|Any CPU
		Debug|ARM = Debug|ARM
		Debug|iPhone = Debug|iPhone
		Debug|iPhoneSimulator = Debug|iPhoneSimulator
		Debug|x64 = Debug|x64
		Debug|x86 = Debug|x86
		Release|Any CPU = Release|Any CPU
		Release|ARM = Release|ARM
		Release|iPhone = Release|iPhone
		Release|iPhoneSimulator = Release|iPhoneSimulator
		Release|x64 = Release|x64
		Release|x86 = Release|x86
	EndGlobalSection
	GlobalSection(ProjectConfigurationPlatforms) = postSolution
		{C6455514-3548-4BD1-A882-0FFE387166B1}.Ad-Hoc|Any CPU.ActiveCfg = Release|Any CPU
		{C6455514-3548-4BD1-A882-0FFE387166B1}.Ad-Hoc|Any CPU.Build.0 = Release|Any CPU
		{C6455514-3548-4BD1-A882-0FFE387166B1}.Ad-Hoc|Any CPU.Deploy.0 = Release|Any CPU
		{C6455514-3548-4BD1-A882-0FFE387166B1}.Ad-Hoc|ARM.ActiveCfg = Release|Any CPU
		{C6455514-3548-4BD1-A882-0FFE387166B1}.Ad-Hoc|ARM.Build.0 = Release|Any CPU
		{C6455514-3548-4BD1-A882-0FFE387166B1}.Ad-Hoc|ARM.Deploy.0 = Release|Any CPU
		{C6455514-3548-4BD1-A882-0FFE387166B1}.Ad-Hoc|iPhone.ActiveCfg = Debug|Any CPU
		{C6455514-3548-4BD1-A882-0FFE387166B1}.Ad-Hoc|iPhone.Build.0 = Debug|Any CPU
		{C6455514-3548-4BD1-A882-0FFE387166B1}.Ad-Hoc|iPhoneSimulator.ActiveCfg = Release|Any CPU
		{C6455514-3548-4BD1-A882-0FFE387166B1}.Ad-Hoc|iPhoneSimulator.Build.0 = Release|Any CPU
		{C6455514-3548-4BD1-A882-0FFE387166B1}.Ad-Hoc|iPhoneSimulator.Deploy.0 = Release|Any CPU
		{C6455514-3548-4BD1-A882-0FFE387166B1}.Ad-Hoc|x64.ActiveCfg = Release|Any CPU
		{C6455514-3548-4BD1-A882-0FFE387166B1}.Ad-Hoc|x64.Build.0 = Release|Any CPU
		{C6455514-3548-4BD1-A882-0FFE387166B1}.Ad-Hoc|x64.Deploy.0 = Release|Any CPU
		{C6455514-3548-4BD1-A882-0FFE387166B1}.Ad-Hoc|x86.ActiveCfg = Release|Any CPU
		{C6455514-3548-4BD1-A882-0FFE387166B1}.Ad-Hoc|x86.Build.0 = Release|Any CPU
		{C6455514-3548-4BD1-A882-0FFE387166B1}.Ad-Hoc|x86.Deploy.0 = Release|Any CPU
		{C6455514-3548-4BD1-A882-0FFE387166B1}.AppStore|Any CPU.ActiveCfg = Release|Any CPU
		{C6455514-3548-4BD1-A882-0FFE387166B1}.AppStore|Any CPU.Build.0 = Release|Any CPU
		{C6455514-3548-4BD1-A882-0FFE387166B1}.AppStore|Any CPU.Deploy.0 = Release|Any CPU
		{C6455514-3548-4BD1-A882-0FFE387166B1}.AppStore|ARM.ActiveCfg = Release|Any CPU
		{C6455514-3548-4BD1-A882-0FFE387166B1}.AppStore|ARM.Build.0 = Release|Any CPU
		{C6455514-3548-4BD1-A882-0FFE387166B1}.AppStore|ARM.Deploy.0 = Release|Any CPU
		{C6455514-3548-4BD1-A882-0FFE387166B1}.AppStore|iPhone.ActiveCfg = Debug|Any CPU
		{C6455514-3548-4BD1-A882-0FFE387166B1}.AppStore|iPhone.Build.0 = Debug|Any CPU
		{C6455514-3548-4BD1-A882-0FFE387166B1}.AppStore|iPhoneSimulator.ActiveCfg = Release|Any CPU
		{C6455514-3548-4BD1-A882-0FFE387166B1}.AppStore|iPhoneSimulator.Build.0 = Release|Any CPU
		{C6455514-3548-4BD1-A882-0FFE387166B1}.AppStore|iPhoneSimulator.Deploy.0 = Release|Any CPU
		{C6455514-3548-4BD1-A882-0FFE387166B1}.AppStore|x64.ActiveCfg = Release|Any CPU
		{C6455514-3548-4BD1-A882-0FFE387166B1}.AppStore|x64.Build.0 = Release|Any CPU
		{C6455514-3548-4BD1-A882-0FFE387166B1}.AppStore|x64.Deploy.0 = Release|Any CPU
		{C6455514-3548-4BD1-A882-0FFE387166B1}.AppStore|x86.ActiveCfg = Release|Any CPU
		{C6455514-3548-4BD1-A882-0FFE387166B1}.AppStore|x86.Build.0 = Release|Any CPU
		{C6455514-3548-4BD1-A882-0FFE387166B1}.AppStore|x86.Deploy.0 = Release|Any CPU
		{C6455514-3548-4BD1-A882-0FFE387166B1}.Debug|Any CPU.ActiveCfg = Debug|Any CPU
		{C6455514-3548-4BD1-A882-0FFE387166B1}.Debug|Any CPU.Build.0 = Debug|Any CPU
		{C6455514-3548-4BD1-A882-0FFE387166B1}.Debug|ARM.ActiveCfg = Debug|Any CPU
		{C6455514-3548-4BD1-A882-0FFE387166B1}.Debug|ARM.Build.0 = Debug|Any CPU
		{C6455514-3548-4BD1-A882-0FFE387166B1}.Debug|ARM.Deploy.0 = Debug|Any CPU
		{C6455514-3548-4BD1-A882-0FFE387166B1}.Debug|iPhone.ActiveCfg = Debug|Any CPU
		{C6455514-3548-4BD1-A882-0FFE387166B1}.Debug|iPhone.Build.0 = Debug|Any CPU
		{C6455514-3548-4BD1-A882-0FFE387166B1}.Debug|iPhoneSimulator.ActiveCfg = Debug|Any CPU
		{C6455514-3548-4BD1-A882-0FFE387166B1}.Debug|iPhoneSimulator.Build.0 = Debug|Any CPU
		{C6455514-3548-4BD1-A882-0FFE387166B1}.Debug|x64.ActiveCfg = Debug|Any CPU
		{C6455514-3548-4BD1-A882-0FFE387166B1}.Debug|x64.Build.0 = Debug|Any CPU
		{C6455514-3548-4BD1-A882-0FFE387166B1}.Debug|x64.Deploy.0 = Debug|Any CPU
		{C6455514-3548-4BD1-A882-0FFE387166B1}.Debug|x86.ActiveCfg = Debug|Any CPU
		{C6455514-3548-4BD1-A882-0FFE387166B1}.Debug|x86.Build.0 = Debug|Any CPU
		{C6455514-3548-4BD1-A882-0FFE387166B1}.Debug|x86.Deploy.0 = Debug|Any CPU
		{C6455514-3548-4BD1-A882-0FFE387166B1}.Release|Any CPU.ActiveCfg = Release|Any CPU
		{C6455514-3548-4BD1-A882-0FFE387166B1}.Release|Any CPU.Build.0 = Release|Any CPU
		{C6455514-3548-4BD1-A882-0FFE387166B1}.Release|ARM.ActiveCfg = Release|Any CPU
		{C6455514-3548-4BD1-A882-0FFE387166B1}.Release|ARM.Build.0 = Release|Any CPU
		{C6455514-3548-4BD1-A882-0FFE387166B1}.Release|ARM.Deploy.0 = Release|Any CPU
		{C6455514-3548-4BD1-A882-0FFE387166B1}.Release|iPhone.ActiveCfg = Release|Any CPU
		{C6455514-3548-4BD1-A882-0FFE387166B1}.Release|iPhone.Build.0 = Release|Any CPU
		{C6455514-3548-4BD1-A882-0FFE387166B1}.Release|iPhoneSimulator.ActiveCfg = Release|Any CPU
		{C6455514-3548-4BD1-A882-0FFE387166B1}.Release|iPhoneSimulator.Build.0 = Release|Any CPU
		{C6455514-3548-4BD1-A882-0FFE387166B1}.Release|x64.ActiveCfg = Release|Any CPU
		{C6455514-3548-4BD1-A882-0FFE387166B1}.Release|x64.Build.0 = Release|Any CPU
		{C6455514-3548-4BD1-A882-0FFE387166B1}.Release|x64.Deploy.0 = Release|Any CPU
		{C6455514-3548-4BD1-A882-0FFE387166B1}.Release|x86.ActiveCfg = Release|Any CPU
		{C6455514-3548-4BD1-A882-0FFE387166B1}.Release|x86.Build.0 = Release|Any CPU
		{C6455514-3548-4BD1-A882-0FFE387166B1}.Release|x86.Deploy.0 = Release|Any CPU
		{FEABADB5-31CC-4043-BC44-0278298EA6A4}.Ad-Hoc|Any CPU.ActiveCfg = Ad-Hoc|iPhoneSimulator
		{FEABADB5-31CC-4043-BC44-0278298EA6A4}.Ad-Hoc|ARM.ActiveCfg = Ad-Hoc|iPhoneSimulator
		{FEABADB5-31CC-4043-BC44-0278298EA6A4}.Ad-Hoc|iPhone.ActiveCfg = Ad-Hoc|iPhone
		{FEABADB5-31CC-4043-BC44-0278298EA6A4}.Ad-Hoc|iPhone.Build.0 = Ad-Hoc|iPhone
		{FEABADB5-31CC-4043-BC44-0278298EA6A4}.Ad-Hoc|iPhoneSimulator.ActiveCfg = Ad-Hoc|iPhoneSimulator
		{FEABADB5-31CC-4043-BC44-0278298EA6A4}.Ad-Hoc|iPhoneSimulator.Build.0 = Ad-Hoc|iPhoneSimulator
		{FEABADB5-31CC-4043-BC44-0278298EA6A4}.Ad-Hoc|x64.ActiveCfg = Ad-Hoc|iPhoneSimulator
		{FEABADB5-31CC-4043-BC44-0278298EA6A4}.Ad-Hoc|x86.ActiveCfg = Ad-Hoc|iPhoneSimulator
		{FEABADB5-31CC-4043-BC44-0278298EA6A4}.AppStore|Any CPU.ActiveCfg = AppStore|iPhoneSimulator
		{FEABADB5-31CC-4043-BC44-0278298EA6A4}.AppStore|ARM.ActiveCfg = AppStore|iPhoneSimulator
		{FEABADB5-31CC-4043-BC44-0278298EA6A4}.AppStore|iPhone.ActiveCfg = AppStore|iPhone
		{FEABADB5-31CC-4043-BC44-0278298EA6A4}.AppStore|iPhone.Build.0 = AppStore|iPhone
		{FEABADB5-31CC-4043-BC44-0278298EA6A4}.AppStore|iPhoneSimulator.ActiveCfg = AppStore|iPhoneSimulator
		{FEABADB5-31CC-4043-BC44-0278298EA6A4}.AppStore|iPhoneSimulator.Build.0 = AppStore|iPhoneSimulator
		{FEABADB5-31CC-4043-BC44-0278298EA6A4}.AppStore|x64.ActiveCfg = AppStore|iPhoneSimulator
		{FEABADB5-31CC-4043-BC44-0278298EA6A4}.AppStore|x86.ActiveCfg = AppStore|iPhoneSimulator
		{FEABADB5-31CC-4043-BC44-0278298EA6A4}.Debug|Any CPU.ActiveCfg = Debug|iPhoneSimulator
		{FEABADB5-31CC-4043-BC44-0278298EA6A4}.Debug|Any CPU.Build.0 = Debug|iPhoneSimulator
		{FEABADB5-31CC-4043-BC44-0278298EA6A4}.Debug|ARM.ActiveCfg = Debug|iPhone
		{FEABADB5-31CC-4043-BC44-0278298EA6A4}.Debug|iPhone.ActiveCfg = Debug|iPhone
		{FEABADB5-31CC-4043-BC44-0278298EA6A4}.Debug|iPhone.Build.0 = Debug|iPhone
		{FEABADB5-31CC-4043-BC44-0278298EA6A4}.Debug|iPhoneSimulator.ActiveCfg = Debug|iPhoneSimulator
		{FEABADB5-31CC-4043-BC44-0278298EA6A4}.Debug|iPhoneSimulator.Build.0 = Debug|iPhoneSimulator
		{FEABADB5-31CC-4043-BC44-0278298EA6A4}.Debug|x64.ActiveCfg = Debug|iPhone
		{FEABADB5-31CC-4043-BC44-0278298EA6A4}.Debug|x86.ActiveCfg = Debug|iPhone
		{FEABADB5-31CC-4043-BC44-0278298EA6A4}.Release|Any CPU.ActiveCfg = Release|iPhoneSimulator
		{FEABADB5-31CC-4043-BC44-0278298EA6A4}.Release|Any CPU.Build.0 = Release|iPhoneSimulator
		{FEABADB5-31CC-4043-BC44-0278298EA6A4}.Release|ARM.ActiveCfg = Release|iPhone
		{FEABADB5-31CC-4043-BC44-0278298EA6A4}.Release|iPhone.ActiveCfg = Release|iPhone
		{FEABADB5-31CC-4043-BC44-0278298EA6A4}.Release|iPhone.Build.0 = Release|iPhone
		{FEABADB5-31CC-4043-BC44-0278298EA6A4}.Release|iPhoneSimulator.ActiveCfg = Release|iPhoneSimulator
		{FEABADB5-31CC-4043-BC44-0278298EA6A4}.Release|iPhoneSimulator.Build.0 = Release|iPhoneSimulator
		{FEABADB5-31CC-4043-BC44-0278298EA6A4}.Release|x64.ActiveCfg = Release|iPhone
		{FEABADB5-31CC-4043-BC44-0278298EA6A4}.Release|x86.ActiveCfg = Release|iPhone
		{5B943C02-CBB7-4909-849A-1DFD38FA9B83}.Ad-Hoc|Any CPU.ActiveCfg = Release|Any CPU
		{5B943C02-CBB7-4909-849A-1DFD38FA9B83}.Ad-Hoc|Any CPU.Build.0 = Release|Any CPU
		{5B943C02-CBB7-4909-849A-1DFD38FA9B83}.Ad-Hoc|ARM.ActiveCfg = Release|Any CPU
		{5B943C02-CBB7-4909-849A-1DFD38FA9B83}.Ad-Hoc|ARM.Build.0 = Release|Any CPU
		{5B943C02-CBB7-4909-849A-1DFD38FA9B83}.Ad-Hoc|iPhone.ActiveCfg = Debug|Any CPU
		{5B943C02-CBB7-4909-849A-1DFD38FA9B83}.Ad-Hoc|iPhone.Build.0 = Debug|Any CPU
		{5B943C02-CBB7-4909-849A-1DFD38FA9B83}.Ad-Hoc|iPhoneSimulator.ActiveCfg = Release|Any CPU
		{5B943C02-CBB7-4909-849A-1DFD38FA9B83}.Ad-Hoc|iPhoneSimulator.Build.0 = Release|Any CPU
		{5B943C02-CBB7-4909-849A-1DFD38FA9B83}.Ad-Hoc|x64.ActiveCfg = Release|Any CPU
		{5B943C02-CBB7-4909-849A-1DFD38FA9B83}.Ad-Hoc|x64.Build.0 = Release|Any CPU
		{5B943C02-CBB7-4909-849A-1DFD38FA9B83}.Ad-Hoc|x86.ActiveCfg = Release|Any CPU
		{5B943C02-CBB7-4909-849A-1DFD38FA9B83}.Ad-Hoc|x86.Build.0 = Release|Any CPU
		{5B943C02-CBB7-4909-849A-1DFD38FA9B83}.AppStore|Any CPU.ActiveCfg = Release|Any CPU
		{5B943C02-CBB7-4909-849A-1DFD38FA9B83}.AppStore|Any CPU.Build.0 = Release|Any CPU
		{5B943C02-CBB7-4909-849A-1DFD38FA9B83}.AppStore|ARM.ActiveCfg = Release|Any CPU
		{5B943C02-CBB7-4909-849A-1DFD38FA9B83}.AppStore|ARM.Build.0 = Release|Any CPU
		{5B943C02-CBB7-4909-849A-1DFD38FA9B83}.AppStore|iPhone.ActiveCfg = Debug|Any CPU
		{5B943C02-CBB7-4909-849A-1DFD38FA9B83}.AppStore|iPhone.Build.0 = Debug|Any CPU
		{5B943C02-CBB7-4909-849A-1DFD38FA9B83}.AppStore|iPhoneSimulator.ActiveCfg = Release|Any CPU
		{5B943C02-CBB7-4909-849A-1DFD38FA9B83}.AppStore|iPhoneSimulator.Build.0 = Release|Any CPU
		{5B943C02-CBB7-4909-849A-1DFD38FA9B83}.AppStore|x64.ActiveCfg = Release|Any CPU
		{5B943C02-CBB7-4909-849A-1DFD38FA9B83}.AppStore|x64.Build.0 = Release|Any CPU
		{5B943C02-CBB7-4909-849A-1DFD38FA9B83}.AppStore|x86.ActiveCfg = Release|Any CPU
		{5B943C02-CBB7-4909-849A-1DFD38FA9B83}.AppStore|x86.Build.0 = Release|Any CPU
		{5B943C02-CBB7-4909-849A-1DFD38FA9B83}.Debug|Any CPU.ActiveCfg = Debug|Any CPU
		{5B943C02-CBB7-4909-849A-1DFD38FA9B83}.Debug|Any CPU.Build.0 = Debug|Any CPU
		{5B943C02-CBB7-4909-849A-1DFD38FA9B83}.Debug|ARM.ActiveCfg = Debug|Any CPU
		{5B943C02-CBB7-4909-849A-1DFD38FA9B83}.Debug|ARM.Build.0 = Debug|Any CPU
		{5B943C02-CBB7-4909-849A-1DFD38FA9B83}.Debug|iPhone.ActiveCfg = Debug|Any CPU
		{5B943C02-CBB7-4909-849A-1DFD38FA9B83}.Debug|iPhone.Build.0 = Debug|Any CPU
		{5B943C02-CBB7-4909-849A-1DFD38FA9B83}.Debug|iPhoneSimulator.ActiveCfg = Debug|Any CPU
		{5B943C02-CBB7-4909-849A-1DFD38FA9B83}.Debug|iPhoneSimulator.Build.0 = Debug|Any CPU
		{5B943C02-CBB7-4909-849A-1DFD38FA9B83}.Debug|x64.ActiveCfg = Debug|Any CPU
		{5B943C02-CBB7-4909-849A-1DFD38FA9B83}.Debug|x64.Build.0 = Debug|Any CPU
		{5B943C02-CBB7-4909-849A-1DFD38FA9B83}.Debug|x86.ActiveCfg = Debug|Any CPU
		{5B943C02-CBB7-4909-849A-1DFD38FA9B83}.Debug|x86.Build.0 = Debug|Any CPU
		{5B943C02-CBB7-4909-849A-1DFD38FA9B83}.Release|Any CPU.ActiveCfg = Release|Any CPU
		{5B943C02-CBB7-4909-849A-1DFD38FA9B83}.Release|Any CPU.Build.0 = Release|Any CPU
		{5B943C02-CBB7-4909-849A-1DFD38FA9B83}.Release|ARM.ActiveCfg = Release|Any CPU
		{5B943C02-CBB7-4909-849A-1DFD38FA9B83}.Release|ARM.Build.0 = Release|Any CPU
		{5B943C02-CBB7-4909-849A-1DFD38FA9B83}.Release|iPhone.ActiveCfg = Release|Any CPU
		{5B943C02-CBB7-4909-849A-1DFD38FA9B83}.Release|iPhone.Build.0 = Release|Any CPU
		{5B943C02-CBB7-4909-849A-1DFD38FA9B83}.Release|iPhoneSimulator.ActiveCfg = Release|Any CPU
		{5B943C02-CBB7-4909-849A-1DFD38FA9B83}.Release|iPhoneSimulator.Build.0 = Release|Any CPU
		{5B943C02-CBB7-4909-849A-1DFD38FA9B83}.Release|x64.ActiveCfg = Release|Any CPU
		{5B943C02-CBB7-4909-849A-1DFD38FA9B83}.Release|x64.Build.0 = Release|Any CPU
		{5B943C02-CBB7-4909-849A-1DFD38FA9B83}.Release|x86.ActiveCfg = Release|Any CPU
		{5B943C02-CBB7-4909-849A-1DFD38FA9B83}.Release|x86.Build.0 = Release|Any CPU
		{150D3B60-1D15-4A6B-A33E-11350A30B410}.Ad-Hoc|Any CPU.ActiveCfg = Release|x64
		{150D3B60-1D15-4A6B-A33E-11350A30B410}.Ad-Hoc|Any CPU.Build.0 = Release|x64
		{150D3B60-1D15-4A6B-A33E-11350A30B410}.Ad-Hoc|Any CPU.Deploy.0 = Release|x64
		{150D3B60-1D15-4A6B-A33E-11350A30B410}.Ad-Hoc|ARM.ActiveCfg = Release|ARM
		{150D3B60-1D15-4A6B-A33E-11350A30B410}.Ad-Hoc|ARM.Build.0 = Release|ARM
		{150D3B60-1D15-4A6B-A33E-11350A30B410}.Ad-Hoc|ARM.Deploy.0 = Release|ARM
		{150D3B60-1D15-4A6B-A33E-11350A30B410}.Ad-Hoc|iPhone.ActiveCfg = Release|x64
		{150D3B60-1D15-4A6B-A33E-11350A30B410}.Ad-Hoc|iPhone.Build.0 = Release|x64
		{150D3B60-1D15-4A6B-A33E-11350A30B410}.Ad-Hoc|iPhone.Deploy.0 = Release|x64
		{150D3B60-1D15-4A6B-A33E-11350A30B410}.Ad-Hoc|iPhoneSimulator.ActiveCfg = Release|x64
		{150D3B60-1D15-4A6B-A33E-11350A30B410}.Ad-Hoc|iPhoneSimulator.Build.0 = Release|x64
		{150D3B60-1D15-4A6B-A33E-11350A30B410}.Ad-Hoc|iPhoneSimulator.Deploy.0 = Release|x64
		{150D3B60-1D15-4A6B-A33E-11350A30B410}.Ad-Hoc|x64.ActiveCfg = Release|x64
		{150D3B60-1D15-4A6B-A33E-11350A30B410}.Ad-Hoc|x64.Build.0 = Release|x64
		{150D3B60-1D15-4A6B-A33E-11350A30B410}.Ad-Hoc|x64.Deploy.0 = Release|x64
		{150D3B60-1D15-4A6B-A33E-11350A30B410}.Ad-Hoc|x86.ActiveCfg = Release|x86
		{150D3B60-1D15-4A6B-A33E-11350A30B410}.Ad-Hoc|x86.Build.0 = Release|x86
		{150D3B60-1D15-4A6B-A33E-11350A30B410}.Ad-Hoc|x86.Deploy.0 = Release|x86
		{150D3B60-1D15-4A6B-A33E-11350A30B410}.AppStore|Any CPU.ActiveCfg = Release|x64
		{150D3B60-1D15-4A6B-A33E-11350A30B410}.AppStore|Any CPU.Build.0 = Release|x64
		{150D3B60-1D15-4A6B-A33E-11350A30B410}.AppStore|Any CPU.Deploy.0 = Release|x64
		{150D3B60-1D15-4A6B-A33E-11350A30B410}.AppStore|ARM.ActiveCfg = Release|ARM
		{150D3B60-1D15-4A6B-A33E-11350A30B410}.AppStore|ARM.Build.0 = Release|ARM
		{150D3B60-1D15-4A6B-A33E-11350A30B410}.AppStore|ARM.Deploy.0 = Release|ARM
		{150D3B60-1D15-4A6B-A33E-11350A30B410}.AppStore|iPhone.ActiveCfg = Release|x64
		{150D3B60-1D15-4A6B-A33E-11350A30B410}.AppStore|iPhone.Build.0 = Release|x64
		{150D3B60-1D15-4A6B-A33E-11350A30B410}.AppStore|iPhone.Deploy.0 = Release|x64
		{150D3B60-1D15-4A6B-A33E-11350A30B410}.AppStore|iPhoneSimulator.ActiveCfg = Release|x64
		{150D3B60-1D15-4A6B-A33E-11350A30B410}.AppStore|iPhoneSimulator.Build.0 = Release|x64
		{150D3B60-1D15-4A6B-A33E-11350A30B410}.AppStore|iPhoneSimulator.Deploy.0 = Release|x64
		{150D3B60-1D15-4A6B-A33E-11350A30B410}.AppStore|x64.ActiveCfg = Release|x64
		{150D3B60-1D15-4A6B-A33E-11350A30B410}.AppStore|x64.Build.0 = Release|x64
		{150D3B60-1D15-4A6B-A33E-11350A30B410}.AppStore|x64.Deploy.0 = Release|x64
		{150D3B60-1D15-4A6B-A33E-11350A30B410}.AppStore|x86.ActiveCfg = Release|x86
		{150D3B60-1D15-4A6B-A33E-11350A30B410}.AppStore|x86.Build.0 = Release|x86
		{150D3B60-1D15-4A6B-A33E-11350A30B410}.AppStore|x86.Deploy.0 = Release|x86
		{150D3B60-1D15-4A6B-A33E-11350A30B410}.Debug|Any CPU.ActiveCfg = Debug|x86
		{150D3B60-1D15-4A6B-A33E-11350A30B410}.Debug|ARM.ActiveCfg = Debug|ARM
		{150D3B60-1D15-4A6B-A33E-11350A30B410}.Debug|ARM.Build.0 = Debug|ARM
		{150D3B60-1D15-4A6B-A33E-11350A30B410}.Debug|ARM.Deploy.0 = Debug|ARM
		{150D3B60-1D15-4A6B-A33E-11350A30B410}.Debug|iPhone.ActiveCfg = Debug|x86
		{150D3B60-1D15-4A6B-A33E-11350A30B410}.Debug|iPhoneSimulator.ActiveCfg = Debug|x86
		{150D3B60-1D15-4A6B-A33E-11350A30B410}.Debug|x64.ActiveCfg = Debug|x64
		{150D3B60-1D15-4A6B-A33E-11350A30B410}.Debug|x64.Build.0 = Debug|x64
		{150D3B60-1D15-4A6B-A33E-11350A30B410}.Debug|x64.Deploy.0 = Debug|x64
		{150D3B60-1D15-4A6B-A33E-11350A30B410}.Debug|x86.ActiveCfg = Debug|x86
		{150D3B60-1D15-4A6B-A33E-11350A30B410}.Debug|x86.Build.0 = Debug|x86
		{150D3B60-1D15-4A6B-A33E-11350A30B410}.Debug|x86.Deploy.0 = Debug|x86
		{150D3B60-1D15-4A6B-A33E-11350A30B410}.Release|Any CPU.ActiveCfg = Release|x86
		{150D3B60-1D15-4A6B-A33E-11350A30B410}.Release|ARM.ActiveCfg = Release|ARM
		{150D3B60-1D15-4A6B-A33E-11350A30B410}.Release|ARM.Build.0 = Release|ARM
		{150D3B60-1D15-4A6B-A33E-11350A30B410}.Release|ARM.Deploy.0 = Release|ARM
		{150D3B60-1D15-4A6B-A33E-11350A30B410}.Release|iPhone.ActiveCfg = Release|x86
		{150D3B60-1D15-4A6B-A33E-11350A30B410}.Release|iPhoneSimulator.ActiveCfg = Release|x86
		{150D3B60-1D15-4A6B-A33E-11350A30B410}.Release|x64.ActiveCfg = Release|x64
		{150D3B60-1D15-4A6B-A33E-11350A30B410}.Release|x64.Build.0 = Release|x64
		{150D3B60-1D15-4A6B-A33E-11350A30B410}.Release|x64.Deploy.0 = Release|x64
		{150D3B60-1D15-4A6B-A33E-11350A30B410}.Release|x86.ActiveCfg = Release|x86
		{150D3B60-1D15-4A6B-A33E-11350A30B410}.Release|x86.Build.0 = Release|x86
		{150D3B60-1D15-4A6B-A33E-11350A30B410}.Release|x86.Deploy.0 = Release|x86
	EndGlobalSection
	GlobalSection(SolutionProperties) = preSolution
		HideSolutionNode = FALSE
	EndGlobalSection
	GlobalSection(ExtensibilityGlobals) = postSolution
		SolutionGuid = {110704A7-A8CB-49F0-937C-755620E425B5}
	EndGlobalSection
EndGlobal
