
Microsoft Visual Studio Solution File, Format Version 12.00
# Visual Studio 15
VisualStudioVersion = 15.0.28010.0
MinimumVisualStudioVersion = 10.0.40219.1
Project("{FAE04EC0-301F-11D3-BF4B-00C04F79EFBC}") = "PlantRemote.Android", "PlantRemote\PlantRemote.Android\PlantRemote.Android.csproj", "{1E45AB7F-80C9-4339-AA0D-5A76FC2866CE}"
EndProject
Project("{FAE04EC0-301F-11D3-BF4B-00C04F79EFBC}") = "PlantRemote.iOS", "PlantRemote\PlantRemote.iOS\PlantRemote.iOS.csproj", "{DE1296A5-9F18-4298-B981-2D4BDAF30978}"
EndProject
Project("{FAE04EC0-301F-11D3-BF4B-00C04F79EFBC}") = "PlantRemote.UWP", "PlantRemote\PlantRemote.UWP\PlantRemote.UWP.csproj", "{A00B47F7-7BAD-45A1-A6D3-DBA622C3087C}"
EndProject
Project("{FAE04EC0-301F-11D3-BF4B-00C04F79EFBC}") = "PlantRemote", "PlantRemote\PlantRemote\PlantRemote.csproj", "{3539D476-892D-426D-B0DF-6E924A642195}"
EndProject
Global
	GlobalSection(SolutionConfigurationPlatforms) = preSolution
		Ad-Hoc|Any CPU = Ad-Hoc|Any CPU
		Ad-Hoc|ARM = Ad-Hoc|ARM
		Ad-Hoc|iPhone = Ad-Hoc|iPhone
		Ad-Hoc|iPhoneSimulator = Ad-Hoc|iPhoneSimulator
		Ad-Hoc|x64 = Ad-Hoc|x64
		Ad-Hoc|x86 = Ad-Hoc|x86
		AppStore|Any CPU = AppStore|Any CPU
		AppStore|ARM = AppStore|ARM
		AppStore|iPhone = AppStore|iPhone
		AppStore|iPhoneSimulator = AppStore|iPhoneSimulator
		AppStore|x64 = AppStore|x64
		AppStore|x86 = AppStore|x86
		Debug|Any CPU = Debug|Any CPU
		Debug|ARM = Debug|ARM
		Debug|iPhone = Debug|iPhone
		Debug|iPhoneSimulator = Debug|iPhoneSimulator
		Debug|x64 = Debug|x64
		Debug|x86 = Debug|x86
		Release|Any CPU = Release|Any CPU
		Release|ARM = Release|ARM
		Release|iPhone = Release|iPhone
		Release|iPhoneSimulator = Release|iPhoneSimulator
		Release|x64 = Release|x64
		Release|x86 = Release|x86
	EndGlobalSection
	GlobalSection(ProjectConfigurationPlatforms) = postSolution
		{1E45AB7F-80C9-4339-AA0D-5A76FC2866CE}.Ad-Hoc|Any CPU.ActiveCfg = Release|Any CPU
		{1E45AB7F-80C9-4339-AA0D-5A76FC2866CE}.Ad-Hoc|Any CPU.Build.0 = Release|Any CPU
		{1E45AB7F-80C9-4339-AA0D-5A76FC2866CE}.Ad-Hoc|Any CPU.Deploy.0 = Release|Any CPU
		{1E45AB7F-80C9-4339-AA0D-5A76FC2866CE}.Ad-Hoc|ARM.ActiveCfg = Release|Any CPU
		{1E45AB7F-80C9-4339-AA0D-5A76FC2866CE}.Ad-Hoc|ARM.Build.0 = Release|Any CPU
		{1E45AB7F-80C9-4339-AA0D-5A76FC2866CE}.Ad-Hoc|ARM.Deploy.0 = Release|Any CPU
		{1E45AB7F-80C9-4339-AA0D-5A76FC2866CE}.Ad-Hoc|iPhone.ActiveCfg = Release|Any CPU
		{1E45AB7F-80C9-4339-AA0D-5A76FC2866CE}.Ad-Hoc|iPhone.Build.0 = Release|Any CPU
		{1E45AB7F-80C9-4339-AA0D-5A76FC2866CE}.Ad-Hoc|iPhone.Deploy.0 = Release|Any CPU
		{1E45AB7F-80C9-4339-AA0D-5A76FC2866CE}.Ad-Hoc|iPhoneSimulator.ActiveCfg = Release|Any CPU
		{1E45AB7F-80C9-4339-AA0D-5A76FC2866CE}.Ad-Hoc|iPhoneSimulator.Build.0 = Release|Any CPU
		{1E45AB7F-80C9-4339-AA0D-5A76FC2866CE}.Ad-Hoc|iPhoneSimulator.Deploy.0 = Release|Any CPU
		{1E45AB7F-80C9-4339-AA0D-5A76FC2866CE}.Ad-Hoc|x64.ActiveCfg = Release|Any CPU
		{1E45AB7F-80C9-4339-AA0D-5A76FC2866CE}.Ad-Hoc|x64.Build.0 = Release|Any CPU
		{1E45AB7F-80C9-4339-AA0D-5A76FC2866CE}.Ad-Hoc|x64.Deploy.0 = Release|Any CPU
		{1E45AB7F-80C9-4339-AA0D-5A76FC2866CE}.Ad-Hoc|x86.ActiveCfg = Release|Any CPU
		{1E45AB7F-80C9-4339-AA0D-5A76FC2866CE}.Ad-Hoc|x86.Build.0 = Release|Any CPU
		{1E45AB7F-80C9-4339-AA0D-5A76FC2866CE}.Ad-Hoc|x86.Deploy.0 = Release|Any CPU
		{1E45AB7F-80C9-4339-AA0D-5A76FC2866CE}.AppStore|Any CPU.ActiveCfg = Release|Any CPU
		{1E45AB7F-80C9-4339-AA0D-5A76FC2866CE}.AppStore|Any CPU.Build.0 = Release|Any CPU
		{1E45AB7F-80C9-4339-AA0D-5A76FC2866CE}.AppStore|Any CPU.Deploy.0 = Release|Any CPU
		{1E45AB7F-80C9-4339-AA0D-5A76FC2866CE}.AppStore|ARM.ActiveCfg = Release|Any CPU
		{1E45AB7F-80C9-4339-AA0D-5A76FC2866CE}.AppStore|ARM.Build.0 = Release|Any CPU
		{1E45AB7F-80C9-4339-AA0D-5A76FC2866CE}.AppStore|ARM.Deploy.0 = Release|Any CPU
		{1E45AB7F-80C9-4339-AA0D-5A76FC2866CE}.AppStore|iPhone.ActiveCfg = Release|Any CPU
		{1E45AB7F-80C9-4339-AA0D-5A76FC2866CE}.AppStore|iPhone.Build.0 = Release|Any CPU
		{1E45AB7F-80C9-4339-AA0D-5A76FC2866CE}.AppStore|iPhone.Deploy.0 = Release|Any CPU
		{1E45AB7F-80C9-4339-AA0D-5A76FC2866CE}.AppStore|iPhoneSimulator.ActiveCfg = Release|Any CPU
		{1E45AB7F-80C9-4339-AA0D-5A76FC2866CE}.AppStore|iPhoneSimulator.Build.0 = Release|Any CPU
		{1E45AB7F-80C9-4339-AA0D-5A76FC2866CE}.AppStore|iPhoneSimulator.Deploy.0 = Release|Any CPU
		{1E45AB7F-80C9-4339-AA0D-5A76FC2866CE}.AppStore|x64.ActiveCfg = Release|Any CPU
		{1E45AB7F-80C9-4339-AA0D-5A76FC2866CE}.AppStore|x64.Build.0 = Release|Any CPU
		{1E45AB7F-80C9-4339-AA0D-5A76FC2866CE}.AppStore|x64.Deploy.0 = Release|Any CPU
		{1E45AB7F-80C9-4339-AA0D-5A76FC2866CE}.AppStore|x86.ActiveCfg = Release|Any CPU
		{1E45AB7F-80C9-4339-AA0D-5A76FC2866CE}.AppStore|x86.Build.0 = Release|Any CPU
		{1E45AB7F-80C9-4339-AA0D-5A76FC2866CE}.AppStore|x86.Deploy.0 = Release|Any CPU
		{1E45AB7F-80C9-4339-AA0D-5A76FC2866CE}.Debug|Any CPU.ActiveCfg = Debug|Any CPU
		{1E45AB7F-80C9-4339-AA0D-5A76FC2866CE}.Debug|Any CPU.Build.0 = Debug|Any CPU
		{1E45AB7F-80C9-4339-AA0D-5A76FC2866CE}.Debug|Any CPU.Deploy.0 = Debug|Any CPU
		{1E45AB7F-80C9-4339-AA0D-5A76FC2866CE}.Debug|ARM.ActiveCfg = Debug|Any CPU
		{1E45AB7F-80C9-4339-AA0D-5A76FC2866CE}.Debug|ARM.Build.0 = Debug|Any CPU
		{1E45AB7F-80C9-4339-AA0D-5A76FC2866CE}.Debug|ARM.Deploy.0 = Debug|Any CPU
		{1E45AB7F-80C9-4339-AA0D-5A76FC2866CE}.Debug|iPhone.ActiveCfg = Debug|Any CPU
		{1E45AB7F-80C9-4339-AA0D-5A76FC2866CE}.Debug|iPhone.Build.0 = Debug|Any CPU
		{1E45AB7F-80C9-4339-AA0D-5A76FC2866CE}.Debug|iPhone.Deploy.0 = Debug|Any CPU
		{1E45AB7F-80C9-4339-AA0D-5A76FC2866CE}.Debug|iPhoneSimulator.ActiveCfg = Debug|Any CPU
		{1E45AB7F-80C9-4339-AA0D-5A76FC2866CE}.Debug|iPhoneSimulator.Build.0 = Debug|Any CPU
		{1E45AB7F-80C9-4339-AA0D-5A76FC2866CE}.Debug|iPhoneSimulator.Deploy.0 = Debug|Any CPU
		{1E45AB7F-80C9-4339-AA0D-5A76FC2866CE}.Debug|x64.ActiveCfg = Debug|Any CPU
		{1E45AB7F-80C9-4339-AA0D-5A76FC2866CE}.Debug|x64.Build.0 = Debug|Any CPU
		{1E45AB7F-80C9-4339-AA0D-5A76FC2866CE}.Debug|x64.Deploy.0 = Debug|Any CPU
		{1E45AB7F-80C9-4339-AA0D-5A76FC2866CE}.Debug|x86.ActiveCfg = Debug|Any CPU
		{1E45AB7F-80C9-4339-AA0D-5A76FC2866CE}.Debug|x86.Build.0 = Debug|Any CPU
		{1E45AB7F-80C9-4339-AA0D-5A76FC2866CE}.Debug|x86.Deploy.0 = Debug|Any CPU
		{1E45AB7F-80C9-4339-AA0D-5A76FC2866CE}.Release|Any CPU.ActiveCfg = Release|Any CPU
		{1E45AB7F-80C9-4339-AA0D-5A76FC2866CE}.Release|Any CPU.Build.0 = Release|Any CPU
		{1E45AB7F-80C9-4339-AA0D-5A76FC2866CE}.Release|Any CPU.Deploy.0 = Release|Any CPU
		{1E45AB7F-80C9-4339-AA0D-5A76FC2866CE}.Release|ARM.ActiveCfg = Release|Any CPU
		{1E45AB7F-80C9-4339-AA0D-5A76FC2866CE}.Release|ARM.Build.0 = Release|Any CPU
		{1E45AB7F-80C9-4339-AA0D-5A76FC2866CE}.Release|ARM.Deploy.0 = Release|Any CPU
		{1E45AB7F-80C9-4339-AA0D-5A76FC2866CE}.Release|iPhone.ActiveCfg = Release|Any CPU
		{1E45AB7F-80C9-4339-AA0D-5A76FC2866CE}.Release|iPhone.Build.0 = Release|Any CPU
		{1E45AB7F-80C9-4339-AA0D-5A76FC2866CE}.Release|iPhone.Deploy.0 = Release|Any CPU
		{1E45AB7F-80C9-4339-AA0D-5A76FC2866CE}.Release|iPhoneSimulator.ActiveCfg = Release|Any CPU
		{1E45AB7F-80C9-4339-AA0D-5A76FC2866CE}.Release|iPhoneSimulator.Build.0 = Release|Any CPU
		{1E45AB7F-80C9-4339-AA0D-5A76FC2866CE}.Release|iPhoneSimulator.Deploy.0 = Release|Any CPU
		{1E45AB7F-80C9-4339-AA0D-5A76FC2866CE}.Release|x64.ActiveCfg = Release|Any CPU
		{1E45AB7F-80C9-4339-AA0D-5A76FC2866CE}.Release|x64.Build.0 = Release|Any CPU
		{1E45AB7F-80C9-4339-AA0D-5A76FC2866CE}.Release|x64.Deploy.0 = Release|Any CPU
		{1E45AB7F-80C9-4339-AA0D-5A76FC2866CE}.Release|x86.ActiveCfg = Release|Any CPU
		{1E45AB7F-80C9-4339-AA0D-5A76FC2866CE}.Release|x86.Build.0 = Release|Any CPU
		{1E45AB7F-80C9-4339-AA0D-5A76FC2866CE}.Release|x86.Deploy.0 = Release|Any CPU
		{DE1296A5-9F18-4298-B981-2D4BDAF30978}.Ad-Hoc|Any CPU.ActiveCfg = Ad-Hoc|iPhone
		{DE1296A5-9F18-4298-B981-2D4BDAF30978}.Ad-Hoc|Any CPU.Build.0 = Ad-Hoc|iPhone
		{DE1296A5-9F18-4298-B981-2D4BDAF30978}.Ad-Hoc|Any CPU.Deploy.0 = Ad-Hoc|iPhone
		{DE1296A5-9F18-4298-B981-2D4BDAF30978}.Ad-Hoc|ARM.ActiveCfg = Ad-Hoc|iPhone
		{DE1296A5-9F18-4298-B981-2D4BDAF30978}.Ad-Hoc|ARM.Build.0 = Ad-Hoc|iPhone
		{DE1296A5-9F18-4298-B981-2D4BDAF30978}.Ad-Hoc|ARM.Deploy.0 = Ad-Hoc|iPhone
		{DE1296A5-9F18-4298-B981-2D4BDAF30978}.Ad-Hoc|iPhone.ActiveCfg = Ad-Hoc|iPhone
		{DE1296A5-9F18-4298-B981-2D4BDAF30978}.Ad-Hoc|iPhone.Build.0 = Ad-Hoc|iPhone
		{DE1296A5-9F18-4298-B981-2D4BDAF30978}.Ad-Hoc|iPhone.Deploy.0 = Ad-Hoc|iPhone
		{DE1296A5-9F18-4298-B981-2D4BDAF30978}.Ad-Hoc|iPhoneSimulator.ActiveCfg = Ad-Hoc|iPhoneSimulator
		{DE1296A5-9F18-4298-B981-2D4BDAF30978}.Ad-Hoc|iPhoneSimulator.Build.0 = Ad-Hoc|iPhoneSimulator
		{DE1296A5-9F18-4298-B981-2D4BDAF30978}.Ad-Hoc|iPhoneSimulator.Deploy.0 = Ad-Hoc|iPhoneSimulator
		{DE1296A5-9F18-4298-B981-2D4BDAF30978}.Ad-Hoc|x64.ActiveCfg = Ad-Hoc|iPhone
		{DE1296A5-9F18-4298-B981-2D4BDAF30978}.Ad-Hoc|x64.Build.0 = Ad-Hoc|iPhone
		{DE1296A5-9F18-4298-B981-2D4BDAF30978}.Ad-Hoc|x64.Deploy.0 = Ad-Hoc|iPhone
		{DE1296A5-9F18-4298-B981-2D4BDAF30978}.Ad-Hoc|x86.ActiveCfg = Ad-Hoc|iPhone
		{DE1296A5-9F18-4298-B981-2D4BDAF30978}.Ad-Hoc|x86.Build.0 = Ad-Hoc|iPhone
		{DE1296A5-9F18-4298-B981-2D4BDAF30978}.Ad-Hoc|x86.Deploy.0 = Ad-Hoc|iPhone
		{DE1296A5-9F18-4298-B981-2D4BDAF30978}.AppStore|Any CPU.ActiveCfg = AppStore|iPhone
		{DE1296A5-9F18-4298-B981-2D4BDAF30978}.AppStore|Any CPU.Build.0 = AppStore|iPhone
		{DE1296A5-9F18-4298-B981-2D4BDAF30978}.AppStore|Any CPU.Deploy.0 = AppStore|iPhone
		{DE1296A5-9F18-4298-B981-2D4BDAF30978}.AppStore|ARM.ActiveCfg = AppStore|iPhone
		{DE1296A5-9F18-4298-B981-2D4BDAF30978}.AppStore|ARM.Build.0 = AppStore|iPhone
		{DE1296A5-9F18-4298-B981-2D4BDAF30978}.AppStore|ARM.Deploy.0 = AppStore|iPhone
		{DE1296A5-9F18-4298-B981-2D4BDAF30978}.AppStore|iPhone.ActiveCfg = AppStore|iPhone
		{DE1296A5-9F18-4298-B981-2D4BDAF30978}.AppStore|iPhone.Build.0 = AppStore|iPhone
		{DE1296A5-9F18-4298-B981-2D4BDAF30978}.AppStore|iPhone.Deploy.0 = AppStore|iPhone
		{DE1296A5-9F18-4298-B981-2D4BDAF30978}.AppStore|iPhoneSimulator.ActiveCfg = AppStore|iPhoneSimulator
		{DE1296A5-9F18-4298-B981-2D4BDAF30978}.AppStore|iPhoneSimulator.Build.0 = AppStore|iPhoneSimulator
		{DE1296A5-9F18-4298-B981-2D4BDAF30978}.AppStore|iPhoneSimulator.Deploy.0 = AppStore|iPhoneSimulator
		{DE1296A5-9F18-4298-B981-2D4BDAF30978}.AppStore|x64.ActiveCfg = AppStore|iPhone
		{DE1296A5-9F18-4298-B981-2D4BDAF30978}.AppStore|x64.Build.0 = AppStore|iPhone
		{DE1296A5-9F18-4298-B981-2D4BDAF30978}.AppStore|x64.Deploy.0 = AppStore|iPhone
		{DE1296A5-9F18-4298-B981-2D4BDAF30978}.AppStore|x86.ActiveCfg = AppStore|iPhone
		{DE1296A5-9F18-4298-B981-2D4BDAF30978}.AppStore|x86.Build.0 = AppStore|iPhone
		{DE1296A5-9F18-4298-B981-2D4BDAF30978}.AppStore|x86.Deploy.0 = AppStore|iPhone
		{DE1296A5-9F18-4298-B981-2D4BDAF30978}.Debug|Any CPU.ActiveCfg = Debug|iPhoneSimulator
		{DE1296A5-9F18-4298-B981-2D4BDAF30978}.Debug|Any CPU.Build.0 = Debug|iPhoneSimulator
		{DE1296A5-9F18-4298-B981-2D4BDAF30978}.Debug|Any CPU.Deploy.0 = Debug|iPhoneSimulator
		{DE1296A5-9F18-4298-B981-2D4BDAF30978}.Debug|ARM.ActiveCfg = Debug|iPhone
		{DE1296A5-9F18-4298-B981-2D4BDAF30978}.Debug|ARM.Build.0 = Debug|iPhone
		{DE1296A5-9F18-4298-B981-2D4BDAF30978}.Debug|ARM.Deploy.0 = Debug|iPhone
		{DE1296A5-9F18-4298-B981-2D4BDAF30978}.Debug|iPhone.ActiveCfg = Debug|iPhone
		{DE1296A5-9F18-4298-B981-2D4BDAF30978}.Debug|iPhone.Build.0 = Debug|iPhone
		{DE1296A5-9F18-4298-B981-2D4BDAF30978}.Debug|iPhone.Deploy.0 = Debug|iPhone
		{DE1296A5-9F18-4298-B981-2D4BDAF30978}.Debug|iPhoneSimulator.ActiveCfg = Debug|iPhoneSimulator
		{DE1296A5-9F18-4298-B981-2D4BDAF30978}.Debug|iPhoneSimulator.Build.0 = Debug|iPhoneSimulator
		{DE1296A5-9F18-4298-B981-2D4BDAF30978}.Debug|iPhoneSimulator.Deploy.0 = Debug|iPhoneSimulator
		{DE1296A5-9F18-4298-B981-2D4BDAF30978}.Debug|x64.ActiveCfg = Debug|iPhone
		{DE1296A5-9F18-4298-B981-2D4BDAF30978}.Debug|x64.Build.0 = Debug|iPhone
		{DE1296A5-9F18-4298-B981-2D4BDAF30978}.Debug|x64.Deploy.0 = Debug|iPhone
		{DE1296A5-9F18-4298-B981-2D4BDAF30978}.Debug|x86.ActiveCfg = Debug|iPhone
		{DE1296A5-9F18-4298-B981-2D4BDAF30978}.Debug|x86.Build.0 = Debug|iPhone
		{DE1296A5-9F18-4298-B981-2D4BDAF30978}.Debug|x86.Deploy.0 = Debug|iPhone
		{DE1296A5-9F18-4298-B981-2D4BDAF30978}.Release|Any CPU.ActiveCfg = Release|iPhone
		{DE1296A5-9F18-4298-B981-2D4BDAF30978}.Release|Any CPU.Build.0 = Release|iPhone
		{DE1296A5-9F18-4298-B981-2D4BDAF30978}.Release|Any CPU.Deploy.0 = Release|iPhone
		{DE1296A5-9F18-4298-B981-2D4BDAF30978}.Release|ARM.ActiveCfg = Release|iPhone
		{DE1296A5-9F18-4298-B981-2D4BDAF30978}.Release|ARM.Build.0 = Release|iPhone
		{DE1296A5-9F18-4298-B981-2D4BDAF30978}.Release|ARM.Deploy.0 = Release|iPhone
		{DE1296A5-9F18-4298-B981-2D4BDAF30978}.Release|iPhone.ActiveCfg = Release|iPhone
		{DE1296A5-9F18-4298-B981-2D4BDAF30978}.Release|iPhone.Build.0 = Release|iPhone
		{DE1296A5-9F18-4298-B981-2D4BDAF30978}.Release|iPhone.Deploy.0 = Release|iPhone
		{DE1296A5-9F18-4298-B981-2D4BDAF30978}.Release|iPhoneSimulator.ActiveCfg = Release|iPhoneSimulator
		{DE1296A5-9F18-4298-B981-2D4BDAF30978}.Release|iPhoneSimulator.Build.0 = Release|iPhoneSimulator
		{DE1296A5-9F18-4298-B981-2D4BDAF30978}.Release|iPhoneSimulator.Deploy.0 = Release|iPhoneSimulator
		{DE1296A5-9F18-4298-B981-2D4BDAF30978}.Release|x64.ActiveCfg = Release|iPhone
		{DE1296A5-9F18-4298-B981-2D4BDAF30978}.Release|x64.Build.0 = Release|iPhone
		{DE1296A5-9F18-4298-B981-2D4BDAF30978}.Release|x64.Deploy.0 = Release|iPhone
		{DE1296A5-9F18-4298-B981-2D4BDAF30978}.Release|x86.ActiveCfg = Release|iPhone
		{DE1296A5-9F18-4298-B981-2D4BDAF30978}.Release|x86.Build.0 = Release|iPhone
		{DE1296A5-9F18-4298-B981-2D4BDAF30978}.Release|x86.Deploy.0 = Release|iPhone
		{A00B47F7-7BAD-45A1-A6D3-DBA622C3087C}.Ad-Hoc|Any CPU.ActiveCfg = Release|x86
		{A00B47F7-7BAD-45A1-A6D3-DBA622C3087C}.Ad-Hoc|Any CPU.Build.0 = Release|x86
		{A00B47F7-7BAD-45A1-A6D3-DBA622C3087C}.Ad-Hoc|Any CPU.Deploy.0 = Release|x86
		{A00B47F7-7BAD-45A1-A6D3-DBA622C3087C}.Ad-Hoc|ARM.ActiveCfg = Release|ARM
		{A00B47F7-7BAD-45A1-A6D3-DBA622C3087C}.Ad-Hoc|ARM.Build.0 = Release|ARM
		{A00B47F7-7BAD-45A1-A6D3-DBA622C3087C}.Ad-Hoc|ARM.Deploy.0 = Release|ARM
		{A00B47F7-7BAD-45A1-A6D3-DBA622C3087C}.Ad-Hoc|iPhone.ActiveCfg = Release|x86
		{A00B47F7-7BAD-45A1-A6D3-DBA622C3087C}.Ad-Hoc|iPhone.Build.0 = Release|x86
		{A00B47F7-7BAD-45A1-A6D3-DBA622C3087C}.Ad-Hoc|iPhone.Deploy.0 = Release|x86
		{A00B47F7-7BAD-45A1-A6D3-DBA622C3087C}.Ad-Hoc|iPhoneSimulator.ActiveCfg = Release|x86
		{A00B47F7-7BAD-45A1-A6D3-DBA622C3087C}.Ad-Hoc|iPhoneSimulator.Build.0 = Release|x86
		{A00B47F7-7BAD-45A1-A6D3-DBA622C3087C}.Ad-Hoc|iPhoneSimulator.Deploy.0 = Release|x86
		{A00B47F7-7BAD-45A1-A6D3-DBA622C3087C}.Ad-Hoc|x64.ActiveCfg = Release|x64
		{A00B47F7-7BAD-45A1-A6D3-DBA622C3087C}.Ad-Hoc|x64.Build.0 = Release|x64
		{A00B47F7-7BAD-45A1-A6D3-DBA622C3087C}.Ad-Hoc|x64.Deploy.0 = Release|x64
		{A00B47F7-7BAD-45A1-A6D3-DBA622C3087C}.Ad-Hoc|x86.ActiveCfg = Release|x86
		{A00B47F7-7BAD-45A1-A6D3-DBA622C3087C}.Ad-Hoc|x86.Build.0 = Release|x86
		{A00B47F7-7BAD-45A1-A6D3-DBA622C3087C}.Ad-Hoc|x86.Deploy.0 = Release|x86
		{A00B47F7-7BAD-45A1-A6D3-DBA622C3087C}.AppStore|Any CPU.ActiveCfg = Release|x86
		{A00B47F7-7BAD-45A1-A6D3-DBA622C3087C}.AppStore|Any CPU.Build.0 = Release|x86
		{A00B47F7-7BAD-45A1-A6D3-DBA622C3087C}.AppStore|Any CPU.Deploy.0 = Release|x86
		{A00B47F7-7BAD-45A1-A6D3-DBA622C3087C}.AppStore|ARM.ActiveCfg = Release|ARM
		{A00B47F7-7BAD-45A1-A6D3-DBA622C3087C}.AppStore|ARM.Build.0 = Release|ARM
		{A00B47F7-7BAD-45A1-A6D3-DBA622C3087C}.AppStore|ARM.Deploy.0 = Release|ARM
		{A00B47F7-7BAD-45A1-A6D3-DBA622C3087C}.AppStore|iPhone.ActiveCfg = Release|x86
		{A00B47F7-7BAD-45A1-A6D3-DBA622C3087C}.AppStore|iPhone.Build.0 = Release|x86
		{A00B47F7-7BAD-45A1-A6D3-DBA622C3087C}.AppStore|iPhone.Deploy.0 = Release|x86
		{A00B47F7-7BAD-45A1-A6D3-DBA622C3087C}.AppStore|iPhoneSimulator.ActiveCfg = Release|x86
		{A00B47F7-7BAD-45A1-A6D3-DBA622C3087C}.AppStore|iPhoneSimulator.Build.0 = Release|x86
		{A00B47F7-7BAD-45A1-A6D3-DBA622C3087C}.AppStore|iPhoneSimulator.Deploy.0 = Release|x86
		{A00B47F7-7BAD-45A1-A6D3-DBA622C3087C}.AppStore|x64.ActiveCfg = Release|x64
		{A00B47F7-7BAD-45A1-A6D3-DBA622C3087C}.AppStore|x64.Build.0 = Release|x64
		{A00B47F7-7BAD-45A1-A6D3-DBA622C3087C}.AppStore|x64.Deploy.0 = Release|x64
		{A00B47F7-7BAD-45A1-A6D3-DBA622C3087C}.AppStore|x86.ActiveCfg = Release|x86
		{A00B47F7-7BAD-45A1-A6D3-DBA622C3087C}.AppStore|x86.Build.0 = Release|x86
		{A00B47F7-7BAD-45A1-A6D3-DBA622C3087C}.AppStore|x86.Deploy.0 = Release|x86
		{A00B47F7-7BAD-45A1-A6D3-DBA622C3087C}.Debug|Any CPU.ActiveCfg = Debug|x86
		{A00B47F7-7BAD-45A1-A6D3-DBA622C3087C}.Debug|Any CPU.Build.0 = Debug|x86
		{A00B47F7-7BAD-45A1-A6D3-DBA622C3087C}.Debug|Any CPU.Deploy.0 = Debug|x86
		{A00B47F7-7BAD-45A1-A6D3-DBA622C3087C}.Debug|ARM.ActiveCfg = Debug|ARM
		{A00B47F7-7BAD-45A1-A6D3-DBA622C3087C}.Debug|ARM.Build.0 = Debug|ARM
		{A00B47F7-7BAD-45A1-A6D3-DBA622C3087C}.Debug|ARM.Deploy.0 = Debug|ARM
		{A00B47F7-7BAD-45A1-A6D3-DBA622C3087C}.Debug|iPhone.ActiveCfg = Debug|x86
		{A00B47F7-7BAD-45A1-A6D3-DBA622C3087C}.Debug|iPhone.Build.0 = Debug|x86
		{A00B47F7-7BAD-45A1-A6D3-DBA622C3087C}.Debug|iPhone.Deploy.0 = Debug|x86
		{A00B47F7-7BAD-45A1-A6D3-DBA622C3087C}.Debug|iPhoneSimulator.ActiveCfg = Debug|x86
		{A00B47F7-7BAD-45A1-A6D3-DBA622C3087C}.Debug|iPhoneSimulator.Build.0 = Debug|x86
		{A00B47F7-7BAD-45A1-A6D3-DBA622C3087C}.Debug|iPhoneSimulator.Deploy.0 = Debug|x86
		{A00B47F7-7BAD-45A1-A6D3-DBA622C3087C}.Debug|x64.ActiveCfg = Debug|x64
		{A00B47F7-7BAD-45A1-A6D3-DBA622C3087C}.Debug|x64.Build.0 = Debug|x64
		{A00B47F7-7BAD-45A1-A6D3-DBA622C3087C}.Debug|x64.Deploy.0 = Debug|x64
		{A00B47F7-7BAD-45A1-A6D3-DBA622C3087C}.Debug|x86.ActiveCfg = Debug|x86
		{A00B47F7-7BAD-45A1-A6D3-DBA622C3087C}.Debug|x86.Build.0 = Debug|x86
		{A00B47F7-7BAD-45A1-A6D3-DBA622C3087C}.Debug|x86.Deploy.0 = Debug|x86
		{A00B47F7-7BAD-45A1-A6D3-DBA622C3087C}.Release|Any CPU.ActiveCfg = Release|x86
		{A00B47F7-7BAD-45A1-A6D3-DBA622C3087C}.Release|Any CPU.Build.0 = Release|x86
		{A00B47F7-7BAD-45A1-A6D3-DBA622C3087C}.Release|Any CPU.Deploy.0 = Release|x86
		{A00B47F7-7BAD-45A1-A6D3-DBA622C3087C}.Release|ARM.ActiveCfg = Release|ARM
		{A00B47F7-7BAD-45A1-A6D3-DBA622C3087C}.Release|ARM.Build.0 = Release|ARM
		{A00B47F7-7BAD-45A1-A6D3-DBA622C3087C}.Release|ARM.Deploy.0 = Release|ARM
		{A00B47F7-7BAD-45A1-A6D3-DBA622C3087C}.Release|iPhone.ActiveCfg = Release|x86
		{A00B47F7-7BAD-45A1-A6D3-DBA622C3087C}.Release|iPhone.Build.0 = Release|x86
		{A00B47F7-7BAD-45A1-A6D3-DBA622C3087C}.Release|iPhone.Deploy.0 = Release|x86
		{A00B47F7-7BAD-45A1-A6D3-DBA622C3087C}.Release|iPhoneSimulator.ActiveCfg = Release|x86
		{A00B47F7-7BAD-45A1-A6D3-DBA622C3087C}.Release|iPhoneSimulator.Build.0 = Release|x86
		{A00B47F7-7BAD-45A1-A6D3-DBA622C3087C}.Release|iPhoneSimulator.Deploy.0 = Release|x86
		{A00B47F7-7BAD-45A1-A6D3-DBA622C3087C}.Release|x64.ActiveCfg = Release|x64
		{A00B47F7-7BAD-45A1-A6D3-DBA622C3087C}.Release|x64.Build.0 = Release|x64
		{A00B47F7-7BAD-45A1-A6D3-DBA622C3087C}.Release|x64.Deploy.0 = Release|x64
		{A00B47F7-7BAD-45A1-A6D3-DBA622C3087C}.Release|x86.ActiveCfg = Release|x86
		{A00B47F7-7BAD-45A1-A6D3-DBA622C3087C}.Release|x86.Build.0 = Release|x86
		{A00B47F7-7BAD-45A1-A6D3-DBA622C3087C}.Release|x86.Deploy.0 = Release|x86
		{3539D476-892D-426D-B0DF-6E924A642195}.Ad-Hoc|Any CPU.ActiveCfg = Debug|Any CPU
		{3539D476-892D-426D-B0DF-6E924A642195}.Ad-Hoc|Any CPU.Build.0 = Debug|Any CPU
		{3539D476-892D-426D-B0DF-6E924A642195}.Ad-Hoc|Any CPU.Deploy.0 = Debug|Any CPU
		{3539D476-892D-426D-B0DF-6E924A642195}.Ad-Hoc|ARM.ActiveCfg = Debug|Any CPU
		{3539D476-892D-426D-B0DF-6E924A642195}.Ad-Hoc|ARM.Build.0 = Debug|Any CPU
		{3539D476-892D-426D-B0DF-6E924A642195}.Ad-Hoc|ARM.Deploy.0 = Debug|Any CPU
		{3539D476-892D-426D-B0DF-6E924A642195}.Ad-Hoc|iPhone.ActiveCfg = Debug|Any CPU
		{3539D476-892D-426D-B0DF-6E924A642195}.Ad-Hoc|iPhone.Build.0 = Debug|Any CPU
		{3539D476-892D-426D-B0DF-6E924A642195}.Ad-Hoc|iPhone.Deploy.0 = Debug|Any CPU
		{3539D476-892D-426D-B0DF-6E924A642195}.Ad-Hoc|iPhoneSimulator.ActiveCfg = Debug|Any CPU
		{3539D476-892D-426D-B0DF-6E924A642195}.Ad-Hoc|iPhoneSimulator.Build.0 = Debug|Any CPU
		{3539D476-892D-426D-B0DF-6E924A642195}.Ad-Hoc|iPhoneSimulator.Deploy.0 = Debug|Any CPU
		{3539D476-892D-426D-B0DF-6E924A642195}.Ad-Hoc|x64.ActiveCfg = Debug|Any CPU
		{3539D476-892D-426D-B0DF-6E924A642195}.Ad-Hoc|x64.Build.0 = Debug|Any CPU
		{3539D476-892D-426D-B0DF-6E924A642195}.Ad-Hoc|x64.Deploy.0 = Debug|Any CPU
		{3539D476-892D-426D-B0DF-6E924A642195}.Ad-Hoc|x86.ActiveCfg = Debug|Any CPU
		{3539D476-892D-426D-B0DF-6E924A642195}.Ad-Hoc|x86.Build.0 = Debug|Any CPU
		{3539D476-892D-426D-B0DF-6E924A642195}.Ad-Hoc|x86.Deploy.0 = Debug|Any CPU
		{3539D476-892D-426D-B0DF-6E924A642195}.AppStore|Any CPU.ActiveCfg = Debug|Any CPU
		{3539D476-892D-426D-B0DF-6E924A642195}.AppStore|Any CPU.Build.0 = Debug|Any CPU
		{3539D476-892D-426D-B0DF-6E924A642195}.AppStore|Any CPU.Deploy.0 = Debug|Any CPU
		{3539D476-892D-426D-B0DF-6E924A642195}.AppStore|ARM.ActiveCfg = Debug|Any CPU
		{3539D476-892D-426D-B0DF-6E924A642195}.AppStore|ARM.Build.0 = Debug|Any CPU
		{3539D476-892D-426D-B0DF-6E924A642195}.AppStore|ARM.Deploy.0 = Debug|Any CPU
		{3539D476-892D-426D-B0DF-6E924A642195}.AppStore|iPhone.ActiveCfg = Debug|Any CPU
		{3539D476-892D-426D-B0DF-6E924A642195}.AppStore|iPhone.Build.0 = Debug|Any CPU
		{3539D476-892D-426D-B0DF-6E924A642195}.AppStore|iPhone.Deploy.0 = Debug|Any CPU
		{3539D476-892D-426D-B0DF-6E924A642195}.AppStore|iPhoneSimulator.ActiveCfg = Debug|Any CPU
		{3539D476-892D-426D-B0DF-6E924A642195}.AppStore|iPhoneSimulator.Build.0 = Debug|Any CPU
		{3539D476-892D-426D-B0DF-6E924A642195}.AppStore|iPhoneSimulator.Deploy.0 = Debug|Any CPU
		{3539D476-892D-426D-B0DF-6E924A642195}.AppStore|x64.ActiveCfg = Debug|Any CPU
		{3539D476-892D-426D-B0DF-6E924A642195}.AppStore|x64.Build.0 = Debug|Any CPU
		{3539D476-892D-426D-B0DF-6E924A642195}.AppStore|x64.Deploy.0 = Debug|Any CPU
		{3539D476-892D-426D-B0DF-6E924A642195}.AppStore|x86.ActiveCfg = Debug|Any CPU
		{3539D476-892D-426D-B0DF-6E924A642195}.AppStore|x86.Build.0 = Debug|Any CPU
		{3539D476-892D-426D-B0DF-6E924A642195}.AppStore|x86.Deploy.0 = Debug|Any CPU
		{3539D476-892D-426D-B0DF-6E924A642195}.Debug|Any CPU.ActiveCfg = Debug|Any CPU
		{3539D476-892D-426D-B0DF-6E924A642195}.Debug|Any CPU.Build.0 = Debug|Any CPU
		{3539D476-892D-426D-B0DF-6E924A642195}.Debug|Any CPU.Deploy.0 = Debug|Any CPU
		{3539D476-892D-426D-B0DF-6E924A642195}.Debug|ARM.ActiveCfg = Debug|Any CPU
		{3539D476-892D-426D-B0DF-6E924A642195}.Debug|ARM.Build.0 = Debug|Any CPU
		{3539D476-892D-426D-B0DF-6E924A642195}.Debug|ARM.Deploy.0 = Debug|Any CPU
		{3539D476-892D-426D-B0DF-6E924A642195}.Debug|iPhone.ActiveCfg = Debug|Any CPU
		{3539D476-892D-426D-B0DF-6E924A642195}.Debug|iPhone.Build.0 = Debug|Any CPU
		{3539D476-892D-426D-B0DF-6E924A642195}.Debug|iPhone.Deploy.0 = Debug|Any CPU
		{3539D476-892D-426D-B0DF-6E924A642195}.Debug|iPhoneSimulator.ActiveCfg = Debug|Any CPU
		{3539D476-892D-426D-B0DF-6E924A642195}.Debug|iPhoneSimulator.Build.0 = Debug|Any CPU
		{3539D476-892D-426D-B0DF-6E924A642195}.Debug|iPhoneSimulator.Deploy.0 = Debug|Any CPU
		{3539D476-892D-426D-B0DF-6E924A642195}.Debug|x64.ActiveCfg = Debug|Any CPU
		{3539D476-892D-426D-B0DF-6E924A642195}.Debug|x64.Build.0 = Debug|Any CPU
		{3539D476-892D-426D-B0DF-6E924A642195}.Debug|x64.Deploy.0 = Debug|Any CPU
		{3539D476-892D-426D-B0DF-6E924A642195}.Debug|x86.ActiveCfg = Debug|Any CPU
		{3539D476-892D-426D-B0DF-6E924A642195}.Debug|x86.Build.0 = Debug|Any CPU
		{3539D476-892D-426D-B0DF-6E924A642195}.Debug|x86.Deploy.0 = Debug|Any CPU
		{3539D476-892D-426D-B0DF-6E924A642195}.Release|Any CPU.ActiveCfg = Release|Any CPU
		{3539D476-892D-426D-B0DF-6E924A642195}.Release|Any CPU.Build.0 = Release|Any CPU
		{3539D476-892D-426D-B0DF-6E924A642195}.Release|Any CPU.Deploy.0 = Release|Any CPU
		{3539D476-892D-426D-B0DF-6E924A642195}.Release|ARM.ActiveCfg = Release|Any CPU
		{3539D476-892D-426D-B0DF-6E924A642195}.Release|ARM.Build.0 = Release|Any CPU
		{3539D476-892D-426D-B0DF-6E924A642195}.Release|ARM.Deploy.0 = Release|Any CPU
		{3539D476-892D-426D-B0DF-6E924A642195}.Release|iPhone.ActiveCfg = Release|Any CPU
		{3539D476-892D-426D-B0DF-6E924A642195}.Release|iPhone.Build.0 = Release|Any CPU
		{3539D476-892D-426D-B0DF-6E924A642195}.Release|iPhone.Deploy.0 = Release|Any CPU
		{3539D476-892D-426D-B0DF-6E924A642195}.Release|iPhoneSimulator.ActiveCfg = Release|Any CPU
		{3539D476-892D-426D-B0DF-6E924A642195}.Release|iPhoneSimulator.Build.0 = Release|Any CPU
		{3539D476-892D-426D-B0DF-6E924A642195}.Release|iPhoneSimulator.Deploy.0 = Release|Any CPU
		{3539D476-892D-426D-B0DF-6E924A642195}.Release|x64.ActiveCfg = Release|Any CPU
		{3539D476-892D-426D-B0DF-6E924A642195}.Release|x64.Build.0 = Release|Any CPU
		{3539D476-892D-426D-B0DF-6E924A642195}.Release|x64.Deploy.0 = Release|Any CPU
		{3539D476-892D-426D-B0DF-6E924A642195}.Release|x86.ActiveCfg = Release|Any CPU
		{3539D476-892D-426D-B0DF-6E924A642195}.Release|x86.Build.0 = Release|Any CPU
		{3539D476-892D-426D-B0DF-6E924A642195}.Release|x86.Deploy.0 = Release|Any CPU
	EndGlobalSection
	GlobalSection(SolutionProperties) = preSolution
		HideSolutionNode = FALSE
	EndGlobalSection
	GlobalSection(ExtensibilityGlobals) = postSolution
		SolutionGuid = {8D27A4C5-4ED4-4581-927B-6B592BE8B812}
	EndGlobalSection
EndGlobal
