
Microsoft Visual Studio Solution File, Format Version 12.00
# Visual Studio 15
VisualStudioVersion = 15.0.27703.2035
MinimumVisualStudioVersion = 10.0.40219.1
Project("{FAE04EC0-301F-11D3-BF4B-00C04F79EFBC}") = "SoccerRemote.Android", "SoccerRemote\SoccerRemote.Android\SoccerRemote.Android.csproj", "{507C0A59-2D68-4596-9211-1A68637498C6}"
EndProject
Project("{FAE04EC0-301F-11D3-BF4B-00C04F79EFBC}") = "SoccerRemote.iOS", "SoccerRemote\SoccerRemote.iOS\SoccerRemote.iOS.csproj", "{D1BFA832-8410-4913-9AD3-37F8ACE03A98}"
EndProject
Project("{FAE04EC0-301F-11D3-BF4B-00C04F79EFBC}") = "SoccerRemote.UWP", "SoccerRemote\SoccerRemote.UWP\SoccerRemote.UWP.csproj", "{A13B378A-FF19-4581-8787-EC279F17A250}"
EndProject
Project("{FAE04EC0-301F-11D3-BF4B-00C04F79EFBC}") = "SoccerRemote", "SoccerRemote\SoccerRemote\SoccerRemote.csproj", "{8C1E5550-B6BD-4485-8F3B-8B4C360A65D1}"
EndProject
Global
	GlobalSection(SolutionConfigurationPlatforms) = preSolution
		Ad-Hoc|Any CPU = Ad-Hoc|Any CPU
		Ad-Hoc|ARM = Ad-Hoc|ARM
		Ad-Hoc|iPhone = Ad-Hoc|iPhone
		Ad-Hoc|iPhoneSimulator = Ad-Hoc|iPhoneSimulator
		Ad-Hoc|x64 = Ad-Hoc|x64
		Ad-Hoc|x86 = Ad-Hoc|x86
		AppStore|Any CPU = AppStore|Any CPU
		AppStore|ARM = AppStore|ARM
		AppStore|iPhone = AppStore|iPhone
		AppStore|iPhoneSimulator = AppStore|iPhoneSimulator
		AppStore|x64 = AppStore|x64
		AppStore|x86 = AppStore|x86
		Debug|Any CPU = Debug|Any CPU
		Debug|ARM = Debug|ARM
		Debug|iPhone = Debug|iPhone
		Debug|iPhoneSimulator = Debug|iPhoneSimulator
		Debug|x64 = Debug|x64
		Debug|x86 = Debug|x86
		Release|Any CPU = Release|Any CPU
		Release|ARM = Release|ARM
		Release|iPhone = Release|iPhone
		Release|iPhoneSimulator = Release|iPhoneSimulator
		Release|x64 = Release|x64
		Release|x86 = Release|x86
	EndGlobalSection
	GlobalSection(ProjectConfigurationPlatforms) = postSolution
		{507C0A59-2D68-4596-9211-1A68637498C6}.Ad-Hoc|Any CPU.ActiveCfg = Release|Any CPU
		{507C0A59-2D68-4596-9211-1A68637498C6}.Ad-Hoc|Any CPU.Build.0 = Release|Any CPU
		{507C0A59-2D68-4596-9211-1A68637498C6}.Ad-Hoc|Any CPU.Deploy.0 = Release|Any CPU
		{507C0A59-2D68-4596-9211-1A68637498C6}.Ad-Hoc|ARM.ActiveCfg = Release|Any CPU
		{507C0A59-2D68-4596-9211-1A68637498C6}.Ad-Hoc|ARM.Build.0 = Release|Any CPU
		{507C0A59-2D68-4596-9211-1A68637498C6}.Ad-Hoc|ARM.Deploy.0 = Release|Any CPU
		{507C0A59-2D68-4596-9211-1A68637498C6}.Ad-Hoc|iPhone.ActiveCfg = Release|Any CPU
		{507C0A59-2D68-4596-9211-1A68637498C6}.Ad-Hoc|iPhone.Build.0 = Release|Any CPU
		{507C0A59-2D68-4596-9211-1A68637498C6}.Ad-Hoc|iPhone.Deploy.0 = Release|Any CPU
		{507C0A59-2D68-4596-9211-1A68637498C6}.Ad-Hoc|iPhoneSimulator.ActiveCfg = Release|Any CPU
		{507C0A59-2D68-4596-9211-1A68637498C6}.Ad-Hoc|iPhoneSimulator.Build.0 = Release|Any CPU
		{507C0A59-2D68-4596-9211-1A68637498C6}.Ad-Hoc|iPhoneSimulator.Deploy.0 = Release|Any CPU
		{507C0A59-2D68-4596-9211-1A68637498C6}.Ad-Hoc|x64.ActiveCfg = Release|Any CPU
		{507C0A59-2D68-4596-9211-1A68637498C6}.Ad-Hoc|x64.Build.0 = Release|Any CPU
		{507C0A59-2D68-4596-9211-1A68637498C6}.Ad-Hoc|x64.Deploy.0 = Release|Any CPU
		{507C0A59-2D68-4596-9211-1A68637498C6}.Ad-Hoc|x86.ActiveCfg = Release|Any CPU
		{507C0A59-2D68-4596-9211-1A68637498C6}.Ad-Hoc|x86.Build.0 = Release|Any CPU
		{507C0A59-2D68-4596-9211-1A68637498C6}.Ad-Hoc|x86.Deploy.0 = Release|Any CPU
		{507C0A59-2D68-4596-9211-1A68637498C6}.AppStore|Any CPU.ActiveCfg = Release|Any CPU
		{507C0A59-2D68-4596-9211-1A68637498C6}.AppStore|Any CPU.Build.0 = Release|Any CPU
		{507C0A59-2D68-4596-9211-1A68637498C6}.AppStore|Any CPU.Deploy.0 = Release|Any CPU
		{507C0A59-2D68-4596-9211-1A68637498C6}.AppStore|ARM.ActiveCfg = Release|Any CPU
		{507C0A59-2D68-4596-9211-1A68637498C6}.AppStore|ARM.Build.0 = Release|Any CPU
		{507C0A59-2D68-4596-9211-1A68637498C6}.AppStore|ARM.Deploy.0 = Release|Any CPU
		{507C0A59-2D68-4596-9211-1A68637498C6}.AppStore|iPhone.ActiveCfg = Release|Any CPU
		{507C0A59-2D68-4596-9211-1A68637498C6}.AppStore|iPhone.Build.0 = Release|Any CPU
		{507C0A59-2D68-4596-9211-1A68637498C6}.AppStore|iPhone.Deploy.0 = Release|Any CPU
		{507C0A59-2D68-4596-9211-1A68637498C6}.AppStore|iPhoneSimulator.ActiveCfg = Release|Any CPU
		{507C0A59-2D68-4596-9211-1A68637498C6}.AppStore|iPhoneSimulator.Build.0 = Release|Any CPU
		{507C0A59-2D68-4596-9211-1A68637498C6}.AppStore|iPhoneSimulator.Deploy.0 = Release|Any CPU
		{507C0A59-2D68-4596-9211-1A68637498C6}.AppStore|x64.ActiveCfg = Release|Any CPU
		{507C0A59-2D68-4596-9211-1A68637498C6}.AppStore|x64.Build.0 = Release|Any CPU
		{507C0A59-2D68-4596-9211-1A68637498C6}.AppStore|x64.Deploy.0 = Release|Any CPU
		{507C0A59-2D68-4596-9211-1A68637498C6}.AppStore|x86.ActiveCfg = Release|Any CPU
		{507C0A59-2D68-4596-9211-1A68637498C6}.AppStore|x86.Build.0 = Release|Any CPU
		{507C0A59-2D68-4596-9211-1A68637498C6}.AppStore|x86.Deploy.0 = Release|Any CPU
		{507C0A59-2D68-4596-9211-1A68637498C6}.Debug|Any CPU.ActiveCfg = Debug|Any CPU
		{507C0A59-2D68-4596-9211-1A68637498C6}.Debug|Any CPU.Build.0 = Debug|Any CPU
		{507C0A59-2D68-4596-9211-1A68637498C6}.Debug|Any CPU.Deploy.0 = Debug|Any CPU
		{507C0A59-2D68-4596-9211-1A68637498C6}.Debug|ARM.ActiveCfg = Debug|Any CPU
		{507C0A59-2D68-4596-9211-1A68637498C6}.Debug|ARM.Build.0 = Debug|Any CPU
		{507C0A59-2D68-4596-9211-1A68637498C6}.Debug|ARM.Deploy.0 = Debug|Any CPU
		{507C0A59-2D68-4596-9211-1A68637498C6}.Debug|iPhone.ActiveCfg = Debug|Any CPU
		{507C0A59-2D68-4596-9211-1A68637498C6}.Debug|iPhone.Build.0 = Debug|Any CPU
		{507C0A59-2D68-4596-9211-1A68637498C6}.Debug|iPhone.Deploy.0 = Debug|Any CPU
		{507C0A59-2D68-4596-9211-1A68637498C6}.Debug|iPhoneSimulator.ActiveCfg = Debug|Any CPU
		{507C0A59-2D68-4596-9211-1A68637498C6}.Debug|iPhoneSimulator.Build.0 = Debug|Any CPU
		{507C0A59-2D68-4596-9211-1A68637498C6}.Debug|iPhoneSimulator.Deploy.0 = Debug|Any CPU
		{507C0A59-2D68-4596-9211-1A68637498C6}.Debug|x64.ActiveCfg = Debug|Any CPU
		{507C0A59-2D68-4596-9211-1A68637498C6}.Debug|x64.Build.0 = Debug|Any CPU
		{507C0A59-2D68-4596-9211-1A68637498C6}.Debug|x64.Deploy.0 = Debug|Any CPU
		{507C0A59-2D68-4596-9211-1A68637498C6}.Debug|x86.ActiveCfg = Debug|Any CPU
		{507C0A59-2D68-4596-9211-1A68637498C6}.Debug|x86.Build.0 = Debug|Any CPU
		{507C0A59-2D68-4596-9211-1A68637498C6}.Debug|x86.Deploy.0 = Debug|Any CPU
		{507C0A59-2D68-4596-9211-1A68637498C6}.Release|Any CPU.ActiveCfg = Release|Any CPU
		{507C0A59-2D68-4596-9211-1A68637498C6}.Release|Any CPU.Build.0 = Release|Any CPU
		{507C0A59-2D68-4596-9211-1A68637498C6}.Release|Any CPU.Deploy.0 = Release|Any CPU
		{507C0A59-2D68-4596-9211-1A68637498C6}.Release|ARM.ActiveCfg = Release|Any CPU
		{507C0A59-2D68-4596-9211-1A68637498C6}.Release|ARM.Build.0 = Release|Any CPU
		{507C0A59-2D68-4596-9211-1A68637498C6}.Release|ARM.Deploy.0 = Release|Any CPU
		{507C0A59-2D68-4596-9211-1A68637498C6}.Release|iPhone.ActiveCfg = Release|Any CPU
		{507C0A59-2D68-4596-9211-1A68637498C6}.Release|iPhone.Build.0 = Release|Any CPU
		{507C0A59-2D68-4596-9211-1A68637498C6}.Release|iPhone.Deploy.0 = Release|Any CPU
		{507C0A59-2D68-4596-9211-1A68637498C6}.Release|iPhoneSimulator.ActiveCfg = Release|Any CPU
		{507C0A59-2D68-4596-9211-1A68637498C6}.Release|iPhoneSimulator.Build.0 = Release|Any CPU
		{507C0A59-2D68-4596-9211-1A68637498C6}.Release|iPhoneSimulator.Deploy.0 = Release|Any CPU
		{507C0A59-2D68-4596-9211-1A68637498C6}.Release|x64.ActiveCfg = Release|Any CPU
		{507C0A59-2D68-4596-9211-1A68637498C6}.Release|x64.Build.0 = Release|Any CPU
		{507C0A59-2D68-4596-9211-1A68637498C6}.Release|x64.Deploy.0 = Release|Any CPU
		{507C0A59-2D68-4596-9211-1A68637498C6}.Release|x86.ActiveCfg = Release|Any CPU
		{507C0A59-2D68-4596-9211-1A68637498C6}.Release|x86.Build.0 = Release|Any CPU
		{507C0A59-2D68-4596-9211-1A68637498C6}.Release|x86.Deploy.0 = Release|Any CPU
		{D1BFA832-8410-4913-9AD3-37F8ACE03A98}.Ad-Hoc|Any CPU.ActiveCfg = Ad-Hoc|iPhone
		{D1BFA832-8410-4913-9AD3-37F8ACE03A98}.Ad-Hoc|Any CPU.Build.0 = Ad-Hoc|iPhone
		{D1BFA832-8410-4913-9AD3-37F8ACE03A98}.Ad-Hoc|Any CPU.Deploy.0 = Ad-Hoc|iPhone
		{D1BFA832-8410-4913-9AD3-37F8ACE03A98}.Ad-Hoc|ARM.ActiveCfg = Ad-Hoc|iPhone
		{D1BFA832-8410-4913-9AD3-37F8ACE03A98}.Ad-Hoc|ARM.Build.0 = Ad-Hoc|iPhone
		{D1BFA832-8410-4913-9AD3-37F8ACE03A98}.Ad-Hoc|ARM.Deploy.0 = Ad-Hoc|iPhone
		{D1BFA832-8410-4913-9AD3-37F8ACE03A98}.Ad-Hoc|iPhone.ActiveCfg = Ad-Hoc|iPhone
		{D1BFA832-8410-4913-9AD3-37F8ACE03A98}.Ad-Hoc|iPhone.Build.0 = Ad-Hoc|iPhone
		{D1BFA832-8410-4913-9AD3-37F8ACE03A98}.Ad-Hoc|iPhone.Deploy.0 = Ad-Hoc|iPhone
		{D1BFA832-8410-4913-9AD3-37F8ACE03A98}.Ad-Hoc|iPhoneSimulator.ActiveCfg = Ad-Hoc|iPhoneSimulator
		{D1BFA832-8410-4913-9AD3-37F8ACE03A98}.Ad-Hoc|iPhoneSimulator.Build.0 = Ad-Hoc|iPhoneSimulator
		{D1BFA832-8410-4913-9AD3-37F8ACE03A98}.Ad-Hoc|iPhoneSimulator.Deploy.0 = Ad-Hoc|iPhoneSimulator
		{D1BFA832-8410-4913-9AD3-37F8ACE03A98}.Ad-Hoc|x64.ActiveCfg = Ad-Hoc|iPhone
		{D1BFA832-8410-4913-9AD3-37F8ACE03A98}.Ad-Hoc|x64.Build.0 = Ad-Hoc|iPhone
		{D1BFA832-8410-4913-9AD3-37F8ACE03A98}.Ad-Hoc|x64.Deploy.0 = Ad-Hoc|iPhone
		{D1BFA832-8410-4913-9AD3-37F8ACE03A98}.Ad-Hoc|x86.ActiveCfg = Ad-Hoc|iPhone
		{D1BFA832-8410-4913-9AD3-37F8ACE03A98}.Ad-Hoc|x86.Build.0 = Ad-Hoc|iPhone
		{D1BFA832-8410-4913-9AD3-37F8ACE03A98}.Ad-Hoc|x86.Deploy.0 = Ad-Hoc|iPhone
		{D1BFA832-8410-4913-9AD3-37F8ACE03A98}.AppStore|Any CPU.ActiveCfg = AppStore|iPhone
		{D1BFA832-8410-4913-9AD3-37F8ACE03A98}.AppStore|Any CPU.Build.0 = AppStore|iPhone
		{D1BFA832-8410-4913-9AD3-37F8ACE03A98}.AppStore|Any CPU.Deploy.0 = AppStore|iPhone
		{D1BFA832-8410-4913-9AD3-37F8ACE03A98}.AppStore|ARM.ActiveCfg = AppStore|iPhone
		{D1BFA832-8410-4913-9AD3-37F8ACE03A98}.AppStore|ARM.Build.0 = AppStore|iPhone
		{D1BFA832-8410-4913-9AD3-37F8ACE03A98}.AppStore|ARM.Deploy.0 = AppStore|iPhone
		{D1BFA832-8410-4913-9AD3-37F8ACE03A98}.AppStore|iPhone.ActiveCfg = AppStore|iPhone
		{D1BFA832-8410-4913-9AD3-37F8ACE03A98}.AppStore|iPhone.Build.0 = AppStore|iPhone
		{D1BFA832-8410-4913-9AD3-37F8ACE03A98}.AppStore|iPhone.Deploy.0 = AppStore|iPhone
		{D1BFA832-8410-4913-9AD3-37F8ACE03A98}.AppStore|iPhoneSimulator.ActiveCfg = AppStore|iPhoneSimulator
		{D1BFA832-8410-4913-9AD3-37F8ACE03A98}.AppStore|iPhoneSimulator.Build.0 = AppStore|iPhoneSimulator
		{D1BFA832-8410-4913-9AD3-37F8ACE03A98}.AppStore|iPhoneSimulator.Deploy.0 = AppStore|iPhoneSimulator
		{D1BFA832-8410-4913-9AD3-37F8ACE03A98}.AppStore|x64.ActiveCfg = AppStore|iPhone
		{D1BFA832-8410-4913-9AD3-37F8ACE03A98}.AppStore|x64.Build.0 = AppStore|iPhone
		{D1BFA832-8410-4913-9AD3-37F8ACE03A98}.AppStore|x64.Deploy.0 = AppStore|iPhone
		{D1BFA832-8410-4913-9AD3-37F8ACE03A98}.AppStore|x86.ActiveCfg = AppStore|iPhone
		{D1BFA832-8410-4913-9AD3-37F8ACE03A98}.AppStore|x86.Build.0 = AppStore|iPhone
		{D1BFA832-8410-4913-9AD3-37F8ACE03A98}.AppStore|x86.Deploy.0 = AppStore|iPhone
		{D1BFA832-8410-4913-9AD3-37F8ACE03A98}.Debug|Any CPU.ActiveCfg = Debug|iPhoneSimulator
		{D1BFA832-8410-4913-9AD3-37F8ACE03A98}.Debug|Any CPU.Build.0 = Debug|iPhoneSimulator
		{D1BFA832-8410-4913-9AD3-37F8ACE03A98}.Debug|Any CPU.Deploy.0 = Debug|iPhoneSimulator
		{D1BFA832-8410-4913-9AD3-37F8ACE03A98}.Debug|ARM.ActiveCfg = Debug|iPhone
		{D1BFA832-8410-4913-9AD3-37F8ACE03A98}.Debug|ARM.Build.0 = Debug|iPhone
		{D1BFA832-8410-4913-9AD3-37F8ACE03A98}.Debug|ARM.Deploy.0 = Debug|iPhone
		{D1BFA832-8410-4913-9AD3-37F8ACE03A98}.Debug|iPhone.ActiveCfg = Debug|iPhone
		{D1BFA832-8410-4913-9AD3-37F8ACE03A98}.Debug|iPhone.Build.0 = Debug|iPhone
		{D1BFA832-8410-4913-9AD3-37F8ACE03A98}.Debug|iPhone.Deploy.0 = Debug|iPhone
		{D1BFA832-8410-4913-9AD3-37F8ACE03A98}.Debug|iPhoneSimulator.ActiveCfg = Debug|iPhoneSimulator
		{D1BFA832-8410-4913-9AD3-37F8ACE03A98}.Debug|iPhoneSimulator.Build.0 = Debug|iPhoneSimulator
		{D1BFA832-8410-4913-9AD3-37F8ACE03A98}.Debug|iPhoneSimulator.Deploy.0 = Debug|iPhoneSimulator
		{D1BFA832-8410-4913-9AD3-37F8ACE03A98}.Debug|x64.ActiveCfg = Debug|iPhone
		{D1BFA832-8410-4913-9AD3-37F8ACE03A98}.Debug|x64.Build.0 = Debug|iPhone
		{D1BFA832-8410-4913-9AD3-37F8ACE03A98}.Debug|x64.Deploy.0 = Debug|iPhone
		{D1BFA832-8410-4913-9AD3-37F8ACE03A98}.Debug|x86.ActiveCfg = Debug|iPhone
		{D1BFA832-8410-4913-9AD3-37F8ACE03A98}.Debug|x86.Build.0 = Debug|iPhone
		{D1BFA832-8410-4913-9AD3-37F8ACE03A98}.Debug|x86.Deploy.0 = Debug|iPhone
		{D1BFA832-8410-4913-9AD3-37F8ACE03A98}.Release|Any CPU.ActiveCfg = Release|iPhone
		{D1BFA832-8410-4913-9AD3-37F8ACE03A98}.Release|Any CPU.Build.0 = Release|iPhone
		{D1BFA832-8410-4913-9AD3-37F8ACE03A98}.Release|Any CPU.Deploy.0 = Release|iPhone
		{D1BFA832-8410-4913-9AD3-37F8ACE03A98}.Release|ARM.ActiveCfg = Release|iPhone
		{D1BFA832-8410-4913-9AD3-37F8ACE03A98}.Release|ARM.Build.0 = Release|iPhone
		{D1BFA832-8410-4913-9AD3-37F8ACE03A98}.Release|ARM.Deploy.0 = Release|iPhone
		{D1BFA832-8410-4913-9AD3-37F8ACE03A98}.Release|iPhone.ActiveCfg = Release|iPhone
		{D1BFA832-8410-4913-9AD3-37F8ACE03A98}.Release|iPhone.Build.0 = Release|iPhone
		{D1BFA832-8410-4913-9AD3-37F8ACE03A98}.Release|iPhone.Deploy.0 = Release|iPhone
		{D1BFA832-8410-4913-9AD3-37F8ACE03A98}.Release|iPhoneSimulator.ActiveCfg = Release|iPhoneSimulator
		{D1BFA832-8410-4913-9AD3-37F8ACE03A98}.Release|iPhoneSimulator.Build.0 = Release|iPhoneSimulator
		{D1BFA832-8410-4913-9AD3-37F8ACE03A98}.Release|iPhoneSimulator.Deploy.0 = Release|iPhoneSimulator
		{D1BFA832-8410-4913-9AD3-37F8ACE03A98}.Release|x64.ActiveCfg = Release|iPhone
		{D1BFA832-8410-4913-9AD3-37F8ACE03A98}.Release|x64.Build.0 = Release|iPhone
		{D1BFA832-8410-4913-9AD3-37F8ACE03A98}.Release|x64.Deploy.0 = Release|iPhone
		{D1BFA832-8410-4913-9AD3-37F8ACE03A98}.Release|x86.ActiveCfg = Release|iPhone
		{D1BFA832-8410-4913-9AD3-37F8ACE03A98}.Release|x86.Build.0 = Release|iPhone
		{D1BFA832-8410-4913-9AD3-37F8ACE03A98}.Release|x86.Deploy.0 = Release|iPhone
		{A13B378A-FF19-4581-8787-EC279F17A250}.Ad-Hoc|Any CPU.ActiveCfg = Release|x86
		{A13B378A-FF19-4581-8787-EC279F17A250}.Ad-Hoc|Any CPU.Build.0 = Release|x86
		{A13B378A-FF19-4581-8787-EC279F17A250}.Ad-Hoc|Any CPU.Deploy.0 = Release|x86
		{A13B378A-FF19-4581-8787-EC279F17A250}.Ad-Hoc|ARM.ActiveCfg = Release|ARM
		{A13B378A-FF19-4581-8787-EC279F17A250}.Ad-Hoc|ARM.Build.0 = Release|ARM
		{A13B378A-FF19-4581-8787-EC279F17A250}.Ad-Hoc|ARM.Deploy.0 = Release|ARM
		{A13B378A-FF19-4581-8787-EC279F17A250}.Ad-Hoc|iPhone.ActiveCfg = Release|x86
		{A13B378A-FF19-4581-8787-EC279F17A250}.Ad-Hoc|iPhone.Build.0 = Release|x86
		{A13B378A-FF19-4581-8787-EC279F17A250}.Ad-Hoc|iPhone.Deploy.0 = Release|x86
		{A13B378A-FF19-4581-8787-EC279F17A250}.Ad-Hoc|iPhoneSimulator.ActiveCfg = Release|x86
		{A13B378A-FF19-4581-8787-EC279F17A250}.Ad-Hoc|iPhoneSimulator.Build.0 = Release|x86
		{A13B378A-FF19-4581-8787-EC279F17A250}.Ad-Hoc|iPhoneSimulator.Deploy.0 = Release|x86
		{A13B378A-FF19-4581-8787-EC279F17A250}.Ad-Hoc|x64.ActiveCfg = Release|x64
		{A13B378A-FF19-4581-8787-EC279F17A250}.Ad-Hoc|x64.Build.0 = Release|x64
		{A13B378A-FF19-4581-8787-EC279F17A250}.Ad-Hoc|x64.Deploy.0 = Release|x64
		{A13B378A-FF19-4581-8787-EC279F17A250}.Ad-Hoc|x86.ActiveCfg = Release|x86
		{A13B378A-FF19-4581-8787-EC279F17A250}.Ad-Hoc|x86.Build.0 = Release|x86
		{A13B378A-FF19-4581-8787-EC279F17A250}.Ad-Hoc|x86.Deploy.0 = Release|x86
		{A13B378A-FF19-4581-8787-EC279F17A250}.AppStore|Any CPU.ActiveCfg = Release|x86
		{A13B378A-FF19-4581-8787-EC279F17A250}.AppStore|Any CPU.Build.0 = Release|x86
		{A13B378A-FF19-4581-8787-EC279F17A250}.AppStore|Any CPU.Deploy.0 = Release|x86
		{A13B378A-FF19-4581-8787-EC279F17A250}.AppStore|ARM.ActiveCfg = Release|ARM
		{A13B378A-FF19-4581-8787-EC279F17A250}.AppStore|ARM.Build.0 = Release|ARM
		{A13B378A-FF19-4581-8787-EC279F17A250}.AppStore|ARM.Deploy.0 = Release|ARM
		{A13B378A-FF19-4581-8787-EC279F17A250}.AppStore|iPhone.ActiveCfg = Release|x86
		{A13B378A-FF19-4581-8787-EC279F17A250}.AppStore|iPhone.Build.0 = Release|x86
		{A13B378A-FF19-4581-8787-EC279F17A250}.AppStore|iPhone.Deploy.0 = Release|x86
		{A13B378A-FF19-4581-8787-EC279F17A250}.AppStore|iPhoneSimulator.ActiveCfg = Release|x86
		{A13B378A-FF19-4581-8787-EC279F17A250}.AppStore|iPhoneSimulator.Build.0 = Release|x86
		{A13B378A-FF19-4581-8787-EC279F17A250}.AppStore|iPhoneSimulator.Deploy.0 = Release|x86
		{A13B378A-FF19-4581-8787-EC279F17A250}.AppStore|x64.ActiveCfg = Release|x64
		{A13B378A-FF19-4581-8787-EC279F17A250}.AppStore|x64.Build.0 = Release|x64
		{A13B378A-FF19-4581-8787-EC279F17A250}.AppStore|x64.Deploy.0 = Release|x64
		{A13B378A-FF19-4581-8787-EC279F17A250}.AppStore|x86.ActiveCfg = Release|x86
		{A13B378A-FF19-4581-8787-EC279F17A250}.AppStore|x86.Build.0 = Release|x86
		{A13B378A-FF19-4581-8787-EC279F17A250}.AppStore|x86.Deploy.0 = Release|x86
		{A13B378A-FF19-4581-8787-EC279F17A250}.Debug|Any CPU.ActiveCfg = Debug|x86
		{A13B378A-FF19-4581-8787-EC279F17A250}.Debug|Any CPU.Build.0 = Debug|x86
		{A13B378A-FF19-4581-8787-EC279F17A250}.Debug|Any CPU.Deploy.0 = Debug|x86
		{A13B378A-FF19-4581-8787-EC279F17A250}.Debug|ARM.ActiveCfg = Debug|ARM
		{A13B378A-FF19-4581-8787-EC279F17A250}.Debug|ARM.Build.0 = Debug|ARM
		{A13B378A-FF19-4581-8787-EC279F17A250}.Debug|ARM.Deploy.0 = Debug|ARM
		{A13B378A-FF19-4581-8787-EC279F17A250}.Debug|iPhone.ActiveCfg = Debug|x86
		{A13B378A-FF19-4581-8787-EC279F17A250}.Debug|iPhone.Build.0 = Debug|x86
		{A13B378A-FF19-4581-8787-EC279F17A250}.Debug|iPhone.Deploy.0 = Debug|x86
		{A13B378A-FF19-4581-8787-EC279F17A250}.Debug|iPhoneSimulator.ActiveCfg = Debug|x86
		{A13B378A-FF19-4581-8787-EC279F17A250}.Debug|iPhoneSimulator.Build.0 = Debug|x86
		{A13B378A-FF19-4581-8787-EC279F17A250}.Debug|iPhoneSimulator.Deploy.0 = Debug|x86
		{A13B378A-FF19-4581-8787-EC279F17A250}.Debug|x64.ActiveCfg = Debug|x64
		{A13B378A-FF19-4581-8787-EC279F17A250}.Debug|x64.Build.0 = Debug|x64
		{A13B378A-FF19-4581-8787-EC279F17A250}.Debug|x64.Deploy.0 = Debug|x64
		{A13B378A-FF19-4581-8787-EC279F17A250}.Debug|x86.ActiveCfg = Debug|x86
		{A13B378A-FF19-4581-8787-EC279F17A250}.Debug|x86.Build.0 = Debug|x86
		{A13B378A-FF19-4581-8787-EC279F17A250}.Debug|x86.Deploy.0 = Debug|x86
		{A13B378A-FF19-4581-8787-EC279F17A250}.Release|Any CPU.ActiveCfg = Release|x86
		{A13B378A-FF19-4581-8787-EC279F17A250}.Release|Any CPU.Build.0 = Release|x86
		{A13B378A-FF19-4581-8787-EC279F17A250}.Release|Any CPU.Deploy.0 = Release|x86
		{A13B378A-FF19-4581-8787-EC279F17A250}.Release|ARM.ActiveCfg = Release|ARM
		{A13B378A-FF19-4581-8787-EC279F17A250}.Release|ARM.Build.0 = Release|ARM
		{A13B378A-FF19-4581-8787-EC279F17A250}.Release|ARM.Deploy.0 = Release|ARM
		{A13B378A-FF19-4581-8787-EC279F17A250}.Release|iPhone.ActiveCfg = Release|x86
		{A13B378A-FF19-4581-8787-EC279F17A250}.Release|iPhone.Build.0 = Release|x86
		{A13B378A-FF19-4581-8787-EC279F17A250}.Release|iPhone.Deploy.0 = Release|x86
		{A13B378A-FF19-4581-8787-EC279F17A250}.Release|iPhoneSimulator.ActiveCfg = Release|x86
		{A13B378A-FF19-4581-8787-EC279F17A250}.Release|iPhoneSimulator.Build.0 = Release|x86
		{A13B378A-FF19-4581-8787-EC279F17A250}.Release|iPhoneSimulator.Deploy.0 = Release|x86
		{A13B378A-FF19-4581-8787-EC279F17A250}.Release|x64.ActiveCfg = Release|x64
		{A13B378A-FF19-4581-8787-EC279F17A250}.Release|x64.Build.0 = Release|x64
		{A13B378A-FF19-4581-8787-EC279F17A250}.Release|x64.Deploy.0 = Release|x64
		{A13B378A-FF19-4581-8787-EC279F17A250}.Release|x86.ActiveCfg = Release|x86
		{A13B378A-FF19-4581-8787-EC279F17A250}.Release|x86.Build.0 = Release|x86
		{A13B378A-FF19-4581-8787-EC279F17A250}.Release|x86.Deploy.0 = Release|x86
		{8C1E5550-B6BD-4485-8F3B-8B4C360A65D1}.Ad-Hoc|Any CPU.ActiveCfg = Debug|Any CPU
		{8C1E5550-B6BD-4485-8F3B-8B4C360A65D1}.Ad-Hoc|Any CPU.Build.0 = Debug|Any CPU
		{8C1E5550-B6BD-4485-8F3B-8B4C360A65D1}.Ad-Hoc|Any CPU.Deploy.0 = Debug|Any CPU
		{8C1E5550-B6BD-4485-8F3B-8B4C360A65D1}.Ad-Hoc|ARM.ActiveCfg = Debug|Any CPU
		{8C1E5550-B6BD-4485-8F3B-8B4C360A65D1}.Ad-Hoc|ARM.Build.0 = Debug|Any CPU
		{8C1E5550-B6BD-4485-8F3B-8B4C360A65D1}.Ad-Hoc|ARM.Deploy.0 = Debug|Any CPU
		{8C1E5550-B6BD-4485-8F3B-8B4C360A65D1}.Ad-Hoc|iPhone.ActiveCfg = Debug|Any CPU
		{8C1E5550-B6BD-4485-8F3B-8B4C360A65D1}.Ad-Hoc|iPhone.Build.0 = Debug|Any CPU
		{8C1E5550-B6BD-4485-8F3B-8B4C360A65D1}.Ad-Hoc|iPhone.Deploy.0 = Debug|Any CPU
		{8C1E5550-B6BD-4485-8F3B-8B4C360A65D1}.Ad-Hoc|iPhoneSimulator.ActiveCfg = Debug|Any CPU
		{8C1E5550-B6BD-4485-8F3B-8B4C360A65D1}.Ad-Hoc|iPhoneSimulator.Build.0 = Debug|Any CPU
		{8C1E5550-B6BD-4485-8F3B-8B4C360A65D1}.Ad-Hoc|iPhoneSimulator.Deploy.0 = Debug|Any CPU
		{8C1E5550-B6BD-4485-8F3B-8B4C360A65D1}.Ad-Hoc|x64.ActiveCfg = Debug|Any CPU
		{8C1E5550-B6BD-4485-8F3B-8B4C360A65D1}.Ad-Hoc|x64.Build.0 = Debug|Any CPU
		{8C1E5550-B6BD-4485-8F3B-8B4C360A65D1}.Ad-Hoc|x64.Deploy.0 = Debug|Any CPU
		{8C1E5550-B6BD-4485-8F3B-8B4C360A65D1}.Ad-Hoc|x86.ActiveCfg = Debug|Any CPU
		{8C1E5550-B6BD-4485-8F3B-8B4C360A65D1}.Ad-Hoc|x86.Build.0 = Debug|Any CPU
		{8C1E5550-B6BD-4485-8F3B-8B4C360A65D1}.Ad-Hoc|x86.Deploy.0 = Debug|Any CPU
		{8C1E5550-B6BD-4485-8F3B-8B4C360A65D1}.AppStore|Any CPU.ActiveCfg = Debug|Any CPU
		{8C1E5550-B6BD-4485-8F3B-8B4C360A65D1}.AppStore|Any CPU.Build.0 = Debug|Any CPU
		{8C1E5550-B6BD-4485-8F3B-8B4C360A65D1}.AppStore|Any CPU.Deploy.0 = Debug|Any CPU
		{8C1E5550-B6BD-4485-8F3B-8B4C360A65D1}.AppStore|ARM.ActiveCfg = Debug|Any CPU
		{8C1E5550-B6BD-4485-8F3B-8B4C360A65D1}.AppStore|ARM.Build.0 = Debug|Any CPU
		{8C1E5550-B6BD-4485-8F3B-8B4C360A65D1}.AppStore|ARM.Deploy.0 = Debug|Any CPU
		{8C1E5550-B6BD-4485-8F3B-8B4C360A65D1}.AppStore|iPhone.ActiveCfg = Debug|Any CPU
		{8C1E5550-B6BD-4485-8F3B-8B4C360A65D1}.AppStore|iPhone.Build.0 = Debug|Any CPU
		{8C1E5550-B6BD-4485-8F3B-8B4C360A65D1}.AppStore|iPhone.Deploy.0 = Debug|Any CPU
		{8C1E5550-B6BD-4485-8F3B-8B4C360A65D1}.AppStore|iPhoneSimulator.ActiveCfg = Debug|Any CPU
		{8C1E5550-B6BD-4485-8F3B-8B4C360A65D1}.AppStore|iPhoneSimulator.Build.0 = Debug|Any CPU
		{8C1E5550-B6BD-4485-8F3B-8B4C360A65D1}.AppStore|iPhoneSimulator.Deploy.0 = Debug|Any CPU
		{8C1E5550-B6BD-4485-8F3B-8B4C360A65D1}.AppStore|x64.ActiveCfg = Debug|Any CPU
		{8C1E5550-B6BD-4485-8F3B-8B4C360A65D1}.AppStore|x64.Build.0 = Debug|Any CPU
		{8C1E5550-B6BD-4485-8F3B-8B4C360A65D1}.AppStore|x64.Deploy.0 = Debug|Any CPU
		{8C1E5550-B6BD-4485-8F3B-8B4C360A65D1}.AppStore|x86.ActiveCfg = Debug|Any CPU
		{8C1E5550-B6BD-4485-8F3B-8B4C360A65D1}.AppStore|x86.Build.0 = Debug|Any CPU
		{8C1E5550-B6BD-4485-8F3B-8B4C360A65D1}.AppStore|x86.Deploy.0 = Debug|Any CPU
		{8C1E5550-B6BD-4485-8F3B-8B4C360A65D1}.Debug|Any CPU.ActiveCfg = Debug|Any CPU
		{8C1E5550-B6BD-4485-8F3B-8B4C360A65D1}.Debug|Any CPU.Build.0 = Debug|Any CPU
		{8C1E5550-B6BD-4485-8F3B-8B4C360A65D1}.Debug|Any CPU.Deploy.0 = Debug|Any CPU
		{8C1E5550-B6BD-4485-8F3B-8B4C360A65D1}.Debug|ARM.ActiveCfg = Debug|Any CPU
		{8C1E5550-B6BD-4485-8F3B-8B4C360A65D1}.Debug|ARM.Build.0 = Debug|Any CPU
		{8C1E5550-B6BD-4485-8F3B-8B4C360A65D1}.Debug|ARM.Deploy.0 = Debug|Any CPU
		{8C1E5550-B6BD-4485-8F3B-8B4C360A65D1}.Debug|iPhone.ActiveCfg = Debug|Any CPU
		{8C1E5550-B6BD-4485-8F3B-8B4C360A65D1}.Debug|iPhone.Build.0 = Debug|Any CPU
		{8C1E5550-B6BD-4485-8F3B-8B4C360A65D1}.Debug|iPhone.Deploy.0 = Debug|Any CPU
		{8C1E5550-B6BD-4485-8F3B-8B4C360A65D1}.Debug|iPhoneSimulator.ActiveCfg = Debug|Any CPU
		{8C1E5550-B6BD-4485-8F3B-8B4C360A65D1}.Debug|iPhoneSimulator.Build.0 = Debug|Any CPU
		{8C1E5550-B6BD-4485-8F3B-8B4C360A65D1}.Debug|iPhoneSimulator.Deploy.0 = Debug|Any CPU
		{8C1E5550-B6BD-4485-8F3B-8B4C360A65D1}.Debug|x64.ActiveCfg = Debug|Any CPU
		{8C1E5550-B6BD-4485-8F3B-8B4C360A65D1}.Debug|x64.Build.0 = Debug|Any CPU
		{8C1E5550-B6BD-4485-8F3B-8B4C360A65D1}.Debug|x64.Deploy.0 = Debug|Any CPU
		{8C1E5550-B6BD-4485-8F3B-8B4C360A65D1}.Debug|x86.ActiveCfg = Debug|Any CPU
		{8C1E5550-B6BD-4485-8F3B-8B4C360A65D1}.Debug|x86.Build.0 = Debug|Any CPU
		{8C1E5550-B6BD-4485-8F3B-8B4C360A65D1}.Debug|x86.Deploy.0 = Debug|Any CPU
		{8C1E5550-B6BD-4485-8F3B-8B4C360A65D1}.Release|Any CPU.ActiveCfg = Release|Any CPU
		{8C1E5550-B6BD-4485-8F3B-8B4C360A65D1}.Release|Any CPU.Build.0 = Release|Any CPU
		{8C1E5550-B6BD-4485-8F3B-8B4C360A65D1}.Release|Any CPU.Deploy.0 = Release|Any CPU
		{8C1E5550-B6BD-4485-8F3B-8B4C360A65D1}.Release|ARM.ActiveCfg = Release|Any CPU
		{8C1E5550-B6BD-4485-8F3B-8B4C360A65D1}.Release|ARM.Build.0 = Release|Any CPU
		{8C1E5550-B6BD-4485-8F3B-8B4C360A65D1}.Release|ARM.Deploy.0 = Release|Any CPU
		{8C1E5550-B6BD-4485-8F3B-8B4C360A65D1}.Release|iPhone.ActiveCfg = Release|Any CPU
		{8C1E5550-B6BD-4485-8F3B-8B4C360A65D1}.Release|iPhone.Build.0 = Release|Any CPU
		{8C1E5550-B6BD-4485-8F3B-8B4C360A65D1}.Release|iPhone.Deploy.0 = Release|Any CPU
		{8C1E5550-B6BD-4485-8F3B-8B4C360A65D1}.Release|iPhoneSimulator.ActiveCfg = Release|Any CPU
		{8C1E5550-B6BD-4485-8F3B-8B4C360A65D1}.Release|iPhoneSimulator.Build.0 = Release|Any CPU
		{8C1E5550-B6BD-4485-8F3B-8B4C360A65D1}.Release|iPhoneSimulator.Deploy.0 = Release|Any CPU
		{8C1E5550-B6BD-4485-8F3B-8B4C360A65D1}.Release|x64.ActiveCfg = Release|Any CPU
		{8C1E5550-B6BD-4485-8F3B-8B4C360A65D1}.Release|x64.Build.0 = Release|Any CPU
		{8C1E5550-B6BD-4485-8F3B-8B4C360A65D1}.Release|x64.Deploy.0 = Release|Any CPU
		{8C1E5550-B6BD-4485-8F3B-8B4C360A65D1}.Release|x86.ActiveCfg = Release|Any CPU
		{8C1E5550-B6BD-4485-8F3B-8B4C360A65D1}.Release|x86.Build.0 = Release|Any CPU
		{8C1E5550-B6BD-4485-8F3B-8B4C360A65D1}.Release|x86.Deploy.0 = Release|Any CPU
	EndGlobalSection
	GlobalSection(SolutionProperties) = preSolution
		HideSolutionNode = FALSE
	EndGlobalSection
	GlobalSection(ExtensibilityGlobals) = postSolution
		SolutionGuid = {8CE48FF1-CE7E-44C6-8197-016977777131}
	EndGlobalSection
EndGlobal
