
Microsoft Visual Studio Solution File, Format Version 12.00
# Visual Studio 14
VisualStudioVersion = 14.0.25420.1
MinimumVisualStudioVersion = 10.0.40219.1
Project("{FAE04EC0-301F-11D3-BF4B-00C04F79EFBC}") = "ChickenCoop.Micro", "ChickenCoop.Micro\ChickenCoop.Micro.csproj", "{0C5978E5-0402-4A0B-B85F-20EEDD7BD97A}"
EndProject
Project("{FAE04EC0-301F-11D3-BF4B-00C04F79EFBC}") = "ChickenCoop.DoorTest", "ChickenCoop.DoorTest\ChickenCoop.DoorTest.csproj", "{1566C486-A57A-4847-AC6B-9BE0454660DF}"
EndProject
Project("{FAE04EC0-301F-11D3-BF4B-00C04F79EFBC}") = "ChickenCoop.SunsetSunriseTest", "ChickenCoop.SunsetSunriseTest\ChickenCoop.SunsetSunriseTest.csproj", "{C73EA558-932F-46AD-BBF2-C1C8457E31B5}"
EndProject
Global
	GlobalSection(SolutionConfigurationPlatforms) = preSolution
		Debug|Any CPU = Debug|Any CPU
		Release|Any CPU = Release|Any CPU
	EndGlobalSection
	GlobalSection(ProjectConfigurationPlatforms) = postSolution
		{0C5978E5-0402-4A0B-B85F-20EEDD7BD97A}.Debug|Any CPU.ActiveCfg = Debug|Any CPU
		{0C5978E5-0402-4A0B-B85F-20EEDD7BD97A}.Debug|Any CPU.Build.0 = Debug|Any CPU
		{0C5978E5-0402-4A0B-B85F-20EEDD7BD97A}.Debug|Any CPU.Deploy.0 = Debug|Any CPU
		{0C5978E5-0402-4A0B-B85F-20EEDD7BD97A}.Release|Any CPU.ActiveCfg = Release|Any CPU
		{0C5978E5-0402-4A0B-B85F-20EEDD7BD97A}.Release|Any CPU.Build.0 = Release|Any CPU
		{0C5978E5-0402-4A0B-B85F-20EEDD7BD97A}.Release|Any CPU.Deploy.0 = Release|Any CPU
		{1566C486-A57A-4847-AC6B-9BE0454660DF}.Debug|Any CPU.ActiveCfg = Debug|Any CPU
		{1566C486-A57A-4847-AC6B-9BE0454660DF}.Debug|Any CPU.Build.0 = Debug|Any CPU
		{1566C486-A57A-4847-AC6B-9BE0454660DF}.Debug|Any CPU.Deploy.0 = Debug|Any CPU
		{1566C486-A57A-4847-AC6B-9BE0454660DF}.Release|Any CPU.ActiveCfg = Release|Any CPU
		{1566C486-A57A-4847-AC6B-9BE0454660DF}.Release|Any CPU.Build.0 = Release|Any CPU
		{1566C486-A57A-4847-AC6B-9BE0454660DF}.Release|Any CPU.Deploy.0 = Release|Any CPU
		{C73EA558-932F-46AD-BBF2-C1C8457E31B5}.Debug|Any CPU.ActiveCfg = Debug|Any CPU
		{C73EA558-932F-46AD-BBF2-C1C8457E31B5}.Debug|Any CPU.Build.0 = Debug|Any CPU
		{C73EA558-932F-46AD-BBF2-C1C8457E31B5}.Debug|Any CPU.Deploy.0 = Debug|Any CPU
		{C73EA558-932F-46AD-BBF2-C1C8457E31B5}.Release|Any CPU.ActiveCfg = Release|Any CPU
		{C73EA558-932F-46AD-BBF2-C1C8457E31B5}.Release|Any CPU.Build.0 = Release|Any CPU
		{C73EA558-932F-46AD-BBF2-C1C8457E31B5}.Release|Any CPU.Deploy.0 = Release|Any CPU
	EndGlobalSection
	GlobalSection(SolutionProperties) = preSolution
		HideSolutionNode = FALSE
	EndGlobalSection
EndGlobal
